PODS:
  - CancellationToken (2.0.1):
    - CancellationToken/Core (= 2.0.1)
  - CancellationToken/Core (2.0.1)
  - Crashlytics (3.9.0):
    - Fabric (~> 1.7.0)
  - Fabric (1.7.1)
  - Promissum (1.0.0):
    - Promissum/Core (= 1.0.0)
  - Promissum/Core (1.0.0)
  - R.swift (4.0.0):
    - R.swift.Library (~> 4.0.0)
  - R.swift.Library (4.0.0)
  - TesseractOCRiOS (4.0.0)
  - Valet (2.4.2)

DEPENDENCIES:
  - CancellationToken
  - Crashlytics
  - Fabric
  - Promissum (from `https://github.com/tomlokhorst/Promissum`, branch `develop`)
  - R.swift
  - TesseractOCRiOS (= 4.0.0)
  - Valet

EXTERNAL SOURCES:
  Promissum:
    :branch: develop
    :git: https://github.com/tomlokhorst/Promissum

CHECKOUT OPTIONS:
  Promissum:
    :commit: ca7ea8913ef11aef800913cdb2372decf4425444
    :git: https://github.com/tomlokhorst/Promissum

SPEC CHECKSUMS:
  CancellationToken: 3ec68e4bb81b0b50c85b35c9dfebc52a430d449c
  Crashlytics: 64aad5dd97249dd3ff94b979fea140144590cdd3
  Fabric: c7cfc652f036180a72fe2539646c8a624420419d
  Promissum: 8ecfdfb9129f053a74aa5fd8fda67b3534d356c8
  R.swift: d6a5ec2f55a8441dc0ed9f1f8b37d7d11ae85c66
  R.swift.Library: c3af34921024333546e23b70e70d0b4e0cffca75
  TesseractOCRiOS: 90638afbe43d082433f2e76b384c7901d23956df
  Valet: 14463ef24fab8fd5809044ecedb61484b799fdd6

PODFILE CHECKSUM: 07f646db0d444e64e1679306b75a2325f4cafcf9

COCOAPODS: 1.3.1
