// !$*UTF8*$!
{
	archiveVersion = 1;
	classes = {
	};
	objectVersion = 48;
	objects = {

/* Begin PBXBuildFile section */
		948E3D5DAAEB0FA78E861E93 /* Pods_Uncheckd.framework in Frameworks */ = {isa = PBXBuildFile; fileRef = A624C2E081F0F3DB4BB16DD9 /* Pods_Uncheckd.framework */; };
		C30BB76C1FB72674008B2A5D /* AuthenticationService.swift in Sources */ = {isa = PBXBuildFile; fileRef = C30BB76B1FB72674008B2A5D /* AuthenticationService.swift */; };
		C30BB76E1FB73A7D008B2A5D /* SessionCell.xib in Resources */ = {isa = PBXBuildFile; fileRef = C30BB76D1FB73A7D008B2A5D /* SessionCell.xib */; };
		C30BB7701FB73A85008B2A5D /* SessionCell.swift in Sources */ = {isa = PBXBuildFile; fileRef = C30BB76F1FB73A85008B2A5D /* SessionCell.swift */; };
		C30BB7721FB73E4D008B2A5D /* Date.swift in Sources */ = {isa = PBXBuildFile; fileRef = C30BB7711FB73E4D008B2A5D /* Date.swift */; };
		FF2391BD1FAC5F45001D432A /* AppDelegate.swift in Sources */ = {isa = PBXBuildFile; fileRef = FF2391BC1FAC5F45001D432A /* AppDelegate.swift */; };
		FF2391BF1FAC5F45001D432A /* LoginController.swift in Sources */ = {isa = PBXBuildFile; fileRef = FF2391BE1FAC5F45001D432A /* LoginController.swift */; };
		FF2391C51FAC5F45001D432A /* BeerGoggles.xcdatamodeld in Sources */ = {isa = PBXBuildFile; fileRef = FF2391C31FAC5F45001D432A /* BeerGoggles.xcdatamodeld */; };
		FF2391C71FAC5F45001D432A /* Assets.xcassets in Resources */ = {isa = PBXBuildFile; fileRef = FF2391C61FAC5F45001D432A /* Assets.xcassets */; };
		FF2391CA1FAC5F45001D432A /* LaunchScreen.storyboard in Resources */ = {isa = PBXBuildFile; fileRef = FF2391C81FAC5F45001D432A /* LaunchScreen.storyboard */; };
		FF2391D31FAC60D8001D432A /* ApiService.swift in Sources */ = {isa = PBXBuildFile; fileRef = FF2391D21FAC60D8001D432A /* ApiService.swift */; };
		FF2391D51FAC6278001D432A /* Model.swift in Sources */ = {isa = PBXBuildFile; fileRef = FF2391D41FAC6278001D432A /* Model.swift */; };
		FF2391D71FAC7026001D432A /* TabController.swift in Sources */ = {isa = PBXBuildFile; fileRef = FF2391D61FAC7026001D432A /* TabController.swift */; };
		FF2391DB1FAC7093001D432A /* LoginView.xib in Resources */ = {isa = PBXBuildFile; fileRef = FF2391DA1FAC7093001D432A /* LoginView.xib */; };
		FF2391E11FAC774C001D432A /* CameraController.swift in Sources */ = {isa = PBXBuildFile; fileRef = FF2391E01FAC774C001D432A /* CameraController.swift */; };
		FF2391E31FAC7794001D432A /* CameraView.xib in Resources */ = {isa = PBXBuildFile; fileRef = FF2391E21FAC7794001D432A /* CameraView.xib */; };
		FF2391E51FAC8134001D432A /* LoadingController.swift in Sources */ = {isa = PBXBuildFile; fileRef = FF2391E41FAC8134001D432A /* LoadingController.swift */; };
		FF2391E81FAC8D77001D432A /* LoadingView.xib in Resources */ = {isa = PBXBuildFile; fileRef = FF2391E71FAC8D77001D432A /* LoadingView.xib */; };
		FF2391EB1FAC9617001D432A /* SettingsController.swift in Sources */ = {isa = PBXBuildFile; fileRef = FF2391EA1FAC9617001D432A /* SettingsController.swift */; };
		FF2391ED1FAC9633001D432A /* SettingsView.xib in Resources */ = {isa = PBXBuildFile; fileRef = FF2391EC1FAC9633001D432A /* SettingsView.xib */; };
		FF2391F01FAC9970001D432A /* AboutController.swift in Sources */ = {isa = PBXBuildFile; fileRef = FF2391EF1FAC9970001D432A /* AboutController.swift */; };
		FF2391F21FAC9979001D432A /* AboutView.xib in Resources */ = {isa = PBXBuildFile; fileRef = FF2391F11FAC9979001D432A /* AboutView.xib */; };
		FF2391F51FAC9FB8001D432A /* SessionsController.swift in Sources */ = {isa = PBXBuildFile; fileRef = FF2391F41FAC9FB8001D432A /* SessionsController.swift */; };
		FF2391FC1FACA371001D432A /* BeerCaptureOverviewController.swift in Sources */ = {isa = PBXBuildFile; fileRef = FF2391FB1FACA371001D432A /* BeerCaptureOverviewController.swift */; };
		FF2391FE1FACA38B001D432A /* BeerCaptureOverviewView.xib in Resources */ = {isa = PBXBuildFile; fileRef = FF2391FD1FACA38B001D432A /* BeerCaptureOverviewView.xib */; };
		FF2392011FACA4D5001D432A /* ScanningController.swift in Sources */ = {isa = PBXBuildFile; fileRef = FF2392001FACA4D5001D432A /* ScanningController.swift */; };
		FF2392031FACA4DF001D432A /* ScanningView.xib in Resources */ = {isa = PBXBuildFile; fileRef = FF2392021FACA4DF001D432A /* ScanningView.xib */; };
		FF2392061FACACC0001D432A /* Colors.swift in Sources */ = {isa = PBXBuildFile; fileRef = FF2392051FACACC0001D432A /* Colors.swift */; };
		FF2392081FACAF8F001D432A /* Futura.ttc in Resources */ = {isa = PBXBuildFile; fileRef = FF2392071FACAF8F001D432A /* Futura.ttc */; };
		FF23920A1FACAF9C001D432A /* Fonts.swift in Sources */ = {isa = PBXBuildFile; fileRef = FF2392091FACAF9C001D432A /* Fonts.swift */; };
		FF23920D1FACB185001D432A /* R.generated.swift in Sources */ = {isa = PBXBuildFile; fileRef = FF23920C1FACB185001D432A /* R.generated.swift */; };
		FF23920F1FACB821001D432A /* ActionButton.swift in Sources */ = {isa = PBXBuildFile; fileRef = FF23920E1FACB821001D432A /* ActionButton.swift */; };
		FF2392111FACC0AB001D432A /* talkinghead-test.json in Resources */ = {isa = PBXBuildFile; fileRef = FF2392101FACC0AB001D432A /* talkinghead-test.json */; };
		FF2392131FACC0F2001D432A /* AuthorizationController.swift in Sources */ = {isa = PBXBuildFile; fileRef = FF2392121FACC0F2001D432A /* AuthorizationController.swift */; };
		FF2392161FACC11A001D432A /* AuthorizationView.xib in Resources */ = {isa = PBXBuildFile; fileRef = FF2392151FACC11A001D432A /* AuthorizationView.xib */; };
		FF2392181FACD264001D432A /* BeerSelectCell.swift in Sources */ = {isa = PBXBuildFile; fileRef = FF2392171FACD264001D432A /* BeerSelectCell.swift */; };
		FF23921A1FACD270001D432A /* BeerSelectCell.xib in Resources */ = {isa = PBXBuildFile; fileRef = FF2392191FACD270001D432A /* BeerSelectCell.xib */; };
		FF2392441FACE481001D432A /* Moving Talking Head_00013.png in Resources */ = {isa = PBXBuildFile; fileRef = FF23921C1FACE480001D432A /* Moving Talking Head_00013.png */; };
		FF2392451FACE481001D432A /* Moving Talking Head_00007.png in Resources */ = {isa = PBXBuildFile; fileRef = FF23921D1FACE480001D432A /* Moving Talking Head_00007.png */; };
		FF2392461FACE481001D432A /* Moving Talking Head_00006.png in Resources */ = {isa = PBXBuildFile; fileRef = FF23921E1FACE480001D432A /* Moving Talking Head_00006.png */; };
		FF2392471FACE481001D432A /* Moving Talking Head_00012.png in Resources */ = {isa = PBXBuildFile; fileRef = FF23921F1FACE480001D432A /* Moving Talking Head_00012.png */; };
		FF2392481FACE481001D432A /* Moving Talking Head_00038.png in Resources */ = {isa = PBXBuildFile; fileRef = FF2392201FACE480001D432A /* Moving Talking Head_00038.png */; };
		FF2392491FACE481001D432A /* Moving Talking Head_00004.png in Resources */ = {isa = PBXBuildFile; fileRef = FF2392211FACE480001D432A /* Moving Talking Head_00004.png */; };
		FF23924A1FACE481001D432A /* Moving Talking Head_00010.png in Resources */ = {isa = PBXBuildFile; fileRef = FF2392221FACE480001D432A /* Moving Talking Head_00010.png */; };
		FF23924B1FACE481001D432A /* Moving Talking Head_00011.png in Resources */ = {isa = PBXBuildFile; fileRef = FF2392231FACE480001D432A /* Moving Talking Head_00011.png */; };
		FF23924C1FACE481001D432A /* Moving Talking Head_00005.png in Resources */ = {isa = PBXBuildFile; fileRef = FF2392241FACE480001D432A /* Moving Talking Head_00005.png */; };
		FF23924D1FACE481001D432A /* Moving Talking Head_00039.png in Resources */ = {isa = PBXBuildFile; fileRef = FF2392251FACE480001D432A /* Moving Talking Head_00039.png */; };
		FF23924E1FACE481001D432A /* Moving Talking Head_00001.png in Resources */ = {isa = PBXBuildFile; fileRef = FF2392261FACE480001D432A /* Moving Talking Head_00001.png */; };
		FF23924F1FACE481001D432A /* Moving Talking Head_00015.png in Resources */ = {isa = PBXBuildFile; fileRef = FF2392271FACE480001D432A /* Moving Talking Head_00015.png */; };
		FF2392501FACE481001D432A /* Moving Talking Head_00029.png in Resources */ = {isa = PBXBuildFile; fileRef = FF2392281FACE480001D432A /* Moving Talking Head_00029.png */; };
		FF2392511FACE481001D432A /* Moving Talking Head_00028.png in Resources */ = {isa = PBXBuildFile; fileRef = FF2392291FACE480001D432A /* Moving Talking Head_00028.png */; };
		FF2392521FACE481001D432A /* Moving Talking Head_00014.png in Resources */ = {isa = PBXBuildFile; fileRef = FF23922A1FACE480001D432A /* Moving Talking Head_00014.png */; };
		FF2392531FACE481001D432A /* Moving Talking Head_00000.png in Resources */ = {isa = PBXBuildFile; fileRef = FF23922B1FACE480001D432A /* Moving Talking Head_00000.png */; };
		FF2392541FACE481001D432A /* Moving Talking Head_00016.png in Resources */ = {isa = PBXBuildFile; fileRef = FF23922C1FACE480001D432A /* Moving Talking Head_00016.png */; };
		FF2392551FACE481001D432A /* Moving Talking Head_00002.png in Resources */ = {isa = PBXBuildFile; fileRef = FF23922D1FACE480001D432A /* Moving Talking Head_00002.png */; };
		FF2392561FACE481001D432A /* Moving Talking Head_00003.png in Resources */ = {isa = PBXBuildFile; fileRef = FF23922E1FACE480001D432A /* Moving Talking Head_00003.png */; };
		FF2392571FACE481001D432A /* Moving Talking Head_00017.png in Resources */ = {isa = PBXBuildFile; fileRef = FF23922F1FACE480001D432A /* Moving Talking Head_00017.png */; };
		FF2392581FACE481001D432A /* Moving Talking Head_00032.png in Resources */ = {isa = PBXBuildFile; fileRef = FF2392301FACE480001D432A /* Moving Talking Head_00032.png */; };
		FF2392591FACE481001D432A /* Moving Talking Head_00026.png in Resources */ = {isa = PBXBuildFile; fileRef = FF2392311FACE480001D432A /* Moving Talking Head_00026.png */; };
		FF23925A1FACE481001D432A /* Moving Talking Head_00027.png in Resources */ = {isa = PBXBuildFile; fileRef = FF2392321FACE480001D432A /* Moving Talking Head_00027.png */; };
		FF23925B1FACE481001D432A /* Moving Talking Head_00033.png in Resources */ = {isa = PBXBuildFile; fileRef = FF2392331FACE480001D432A /* Moving Talking Head_00033.png */; };
		FF23925C1FACE481001D432A /* Moving Talking Head_00019.png in Resources */ = {isa = PBXBuildFile; fileRef = FF2392341FACE480001D432A /* Moving Talking Head_00019.png */; };
		FF23925D1FACE481001D432A /* Moving Talking Head_00025.png in Resources */ = {isa = PBXBuildFile; fileRef = FF2392351FACE480001D432A /* Moving Talking Head_00025.png */; };
		FF23925E1FACE481001D432A /* Moving Talking Head_00031.png in Resources */ = {isa = PBXBuildFile; fileRef = FF2392361FACE480001D432A /* Moving Talking Head_00031.png */; };
		FF23925F1FACE481001D432A /* Moving Talking Head_00030.png in Resources */ = {isa = PBXBuildFile; fileRef = FF2392371FACE480001D432A /* Moving Talking Head_00030.png */; };
		FF2392601FACE481001D432A /* Moving Talking Head_00024.png in Resources */ = {isa = PBXBuildFile; fileRef = FF2392381FACE480001D432A /* Moving Talking Head_00024.png */; };
		FF2392611FACE481001D432A /* Moving Talking Head_00018.png in Resources */ = {isa = PBXBuildFile; fileRef = FF2392391FACE480001D432A /* Moving Talking Head_00018.png */; };
		FF2392621FACE481001D432A /* Moving Talking Head_00020.png in Resources */ = {isa = PBXBuildFile; fileRef = FF23923A1FACE480001D432A /* Moving Talking Head_00020.png */; };
		FF2392631FACE481001D432A /* Moving Talking Head_00034.png in Resources */ = {isa = PBXBuildFile; fileRef = FF23923B1FACE480001D432A /* Moving Talking Head_00034.png */; };
		FF2392641FACE481001D432A /* Moving Talking Head_00008.png in Resources */ = {isa = PBXBuildFile; fileRef = FF23923C1FACE480001D432A /* Moving Talking Head_00008.png */; };
		FF2392651FACE481001D432A /* Moving Talking Head_00009.png in Resources */ = {isa = PBXBuildFile; fileRef = FF23923D1FACE480001D432A /* Moving Talking Head_00009.png */; };
		FF2392661FACE481001D432A /* Moving Talking Head_00035.png in Resources */ = {isa = PBXBuildFile; fileRef = FF23923E1FACE480001D432A /* Moving Talking Head_00035.png */; };
		FF2392671FACE481001D432A /* Moving Talking Head_00021.png in Resources */ = {isa = PBXBuildFile; fileRef = FF23923F1FACE480001D432A /* Moving Talking Head_00021.png */; };
		FF2392681FACE481001D432A /* Moving Talking Head_00037.png in Resources */ = {isa = PBXBuildFile; fileRef = FF2392401FACE480001D432A /* Moving Talking Head_00037.png */; };
		FF2392691FACE481001D432A /* Moving Talking Head_00023.png in Resources */ = {isa = PBXBuildFile; fileRef = FF2392411FACE480001D432A /* Moving Talking Head_00023.png */; };
		FF23926A1FACE481001D432A /* Moving Talking Head_00022.png in Resources */ = {isa = PBXBuildFile; fileRef = FF2392421FACE480001D432A /* Moving Talking Head_00022.png */; };
		FF23926B1FACE481001D432A /* Moving Talking Head_00036.png in Resources */ = {isa = PBXBuildFile; fileRef = FF2392431FACE480001D432A /* Moving Talking Head_00036.png */; };
		FF23926D1FACE4A9001D432A /* AnimationView.swift in Sources */ = {isa = PBXBuildFile; fileRef = FF23926C1FACE4A9001D432A /* AnimationView.swift */; };
		FF33FEF51FB4F07D00C322F8 /* ImageService.swift in Sources */ = {isa = PBXBuildFile; fileRef = FF33FEF41FB4F07D00C322F8 /* ImageService.swift */; };
		FF33FEF71FB4F4BA00C322F8 /* App.swift in Sources */ = {isa = PBXBuildFile; fileRef = FF33FEF61FB4F4BA00C322F8 /* App.swift */; };
		FF33FEF91FB4F8E900C322F8 /* BeerResultCoordinator.swift in Sources */ = {isa = PBXBuildFile; fileRef = FF33FEF81FB4F8E900C322F8 /* BeerResultCoordinator.swift */; };
		FF4B910D1FADDC0A00C8375C /* ErrorController.swift in Sources */ = {isa = PBXBuildFile; fileRef = FF4B910C1FADDC0A00C8375C /* ErrorController.swift */; };
		FF4B910F1FADDC2200C8375C /* ErrorView.xib in Resources */ = {isa = PBXBuildFile; fileRef = FF4B910E1FADDC2200C8375C /* ErrorView.xib */; };
		FFB7A2831FACFA8C003B2FBE /* BeerResultOverviewController.swift in Sources */ = {isa = PBXBuildFile; fileRef = FFB7A2821FACFA8C003B2FBE /* BeerResultOverviewController.swift */; };
		FFB7A2851FACFCD7003B2FBE /* BeerResultCell.swift in Sources */ = {isa = PBXBuildFile; fileRef = FFB7A2841FACFCD7003B2FBE /* BeerResultCell.swift */; };
		FFB7A2871FACFCE4003B2FBE /* BeerResultCell.xib in Resources */ = {isa = PBXBuildFile; fileRef = FFB7A2861FACFCE4003B2FBE /* BeerResultCell.xib */; };
		FFB7A28A1FAD002F003B2FBE /* BeerDetailView.xib in Resources */ = {isa = PBXBuildFile; fileRef = FFB7A2891FAD002F003B2FBE /* BeerDetailView.xib */; };
		FFB7A28C1FAD0041003B2FBE /* BeerDetailController.swift in Sources */ = {isa = PBXBuildFile; fileRef = FFB7A28B1FAD0041003B2FBE /* BeerDetailController.swift */; };
		FFB7A2B61FAD0ECF003B2FBE /* Loading Skull_00009.png in Resources */ = {isa = PBXBuildFile; fileRef = FFB7A28E1FAD0ECF003B2FBE /* Loading Skull_00009.png */; };
		FFB7A2B71FAD0ECF003B2FBE /* Loading Skull_00035.png in Resources */ = {isa = PBXBuildFile; fileRef = FFB7A28F1FAD0ECF003B2FBE /* Loading Skull_00035.png */; };
		FFB7A2B81FAD0ECF003B2FBE /* Loading Skull_00021.png in Resources */ = {isa = PBXBuildFile; fileRef = FFB7A2901FAD0ECF003B2FBE /* Loading Skull_00021.png */; };
		FFB7A2B91FAD0ECF003B2FBE /* Loading Skull_00020.png in Resources */ = {isa = PBXBuildFile; fileRef = FFB7A2911FAD0ECF003B2FBE /* Loading Skull_00020.png */; };
		FFB7A2BA1FAD0ECF003B2FBE /* Loading Skull_00034.png in Resources */ = {isa = PBXBuildFile; fileRef = FFB7A2921FAD0ECF003B2FBE /* Loading Skull_00034.png */; };
		FFB7A2BB1FAD0ECF003B2FBE /* Loading Skull_00008.png in Resources */ = {isa = PBXBuildFile; fileRef = FFB7A2931FAD0ECF003B2FBE /* Loading Skull_00008.png */; };
		FFB7A2BC1FAD0ECF003B2FBE /* Loading Skull_00022.png in Resources */ = {isa = PBXBuildFile; fileRef = FFB7A2941FAD0ECF003B2FBE /* Loading Skull_00022.png */; };
		FFB7A2BD1FAD0ECF003B2FBE /* Loading Skull_00036.png in Resources */ = {isa = PBXBuildFile; fileRef = FFB7A2951FAD0ECF003B2FBE /* Loading Skull_00036.png */; };
		FFB7A2BE1FAD0ECF003B2FBE /* Loading Skull_00037.png in Resources */ = {isa = PBXBuildFile; fileRef = FFB7A2961FAD0ECF003B2FBE /* Loading Skull_00037.png */; };
		FFB7A2BF1FAD0ECF003B2FBE /* Loading Skull_00023.png in Resources */ = {isa = PBXBuildFile; fileRef = FFB7A2971FAD0ECF003B2FBE /* Loading Skull_00023.png */; };
		FFB7A2C01FAD0ECF003B2FBE /* Loading Skull_00027.png in Resources */ = {isa = PBXBuildFile; fileRef = FFB7A2981FAD0ECF003B2FBE /* Loading Skull_00027.png */; };
		FFB7A2C11FAD0ECF003B2FBE /* Loading Skull_00033.png in Resources */ = {isa = PBXBuildFile; fileRef = FFB7A2991FAD0ECF003B2FBE /* Loading Skull_00033.png */; };
		FFB7A2C21FAD0ECF003B2FBE /* Loading Skull_00032.png in Resources */ = {isa = PBXBuildFile; fileRef = FFB7A29A1FAD0ECF003B2FBE /* Loading Skull_00032.png */; };
		FFB7A2C31FAD0ECF003B2FBE /* Loading Skull_00026.png in Resources */ = {isa = PBXBuildFile; fileRef = FFB7A29B1FAD0ECF003B2FBE /* Loading Skull_00026.png */; };
		FFB7A2C41FAD0ECF003B2FBE /* Loading Skull_00030.png in Resources */ = {isa = PBXBuildFile; fileRef = FFB7A29C1FAD0ECF003B2FBE /* Loading Skull_00030.png */; };
		FFB7A2C51FAD0ECF003B2FBE /* Loading Skull_00024.png in Resources */ = {isa = PBXBuildFile; fileRef = FFB7A29D1FAD0ECF003B2FBE /* Loading Skull_00024.png */; };
		FFB7A2C61FAD0ECF003B2FBE /* Loading Skull_00018.png in Resources */ = {isa = PBXBuildFile; fileRef = FFB7A29E1FAD0ECF003B2FBE /* Loading Skull_00018.png */; };
		FFB7A2C71FAD0ECF003B2FBE /* Loading Skull_00019.png in Resources */ = {isa = PBXBuildFile; fileRef = FFB7A29F1FAD0ECF003B2FBE /* Loading Skull_00019.png */; };
		FFB7A2C81FAD0ECF003B2FBE /* Loading Skull_00025.png in Resources */ = {isa = PBXBuildFile; fileRef = FFB7A2A01FAD0ECF003B2FBE /* Loading Skull_00025.png */; };
		FFB7A2C91FAD0ECF003B2FBE /* Loading Skull_00031.png in Resources */ = {isa = PBXBuildFile; fileRef = FFB7A2A11FAD0ECF003B2FBE /* Loading Skull_00031.png */; };
		FFB7A2CA1FAD0ECF003B2FBE /* Loading Skull_00028.png in Resources */ = {isa = PBXBuildFile; fileRef = FFB7A2A21FAD0ECF003B2FBE /* Loading Skull_00028.png */; };
		FFB7A2CB1FAD0ECF003B2FBE /* Loading Skull_00014.png in Resources */ = {isa = PBXBuildFile; fileRef = FFB7A2A31FAD0ECF003B2FBE /* Loading Skull_00014.png */; };
		FFB7A2CC1FAD0ECF003B2FBE /* Loading Skull_00000.png in Resources */ = {isa = PBXBuildFile; fileRef = FFB7A2A41FAD0ECF003B2FBE /* Loading Skull_00000.png */; };
		FFB7A2CD1FAD0ECF003B2FBE /* Loading Skull_00001.png in Resources */ = {isa = PBXBuildFile; fileRef = FFB7A2A51FAD0ECF003B2FBE /* Loading Skull_00001.png */; };
		FFB7A2CE1FAD0ECF003B2FBE /* Loading Skull_00015.png in Resources */ = {isa = PBXBuildFile; fileRef = FFB7A2A61FAD0ECF003B2FBE /* Loading Skull_00015.png */; };
		FFB7A2CF1FAD0ECF003B2FBE /* Loading Skull_00029.png in Resources */ = {isa = PBXBuildFile; fileRef = FFB7A2A71FAD0ECF003B2FBE /* Loading Skull_00029.png */; };
		FFB7A2D01FAD0ECF003B2FBE /* Loading Skull_00003.png in Resources */ = {isa = PBXBuildFile; fileRef = FFB7A2A81FAD0ECF003B2FBE /* Loading Skull_00003.png */; };
		FFB7A2D11FAD0ECF003B2FBE /* Loading Skull_00017.png in Resources */ = {isa = PBXBuildFile; fileRef = FFB7A2A91FAD0ECF003B2FBE /* Loading Skull_00017.png */; };
		FFB7A2D21FAD0ECF003B2FBE /* Loading Skull_00016.png in Resources */ = {isa = PBXBuildFile; fileRef = FFB7A2AA1FAD0ECF003B2FBE /* Loading Skull_00016.png */; };
		FFB7A2D31FAD0ECF003B2FBE /* Loading Skull_00002.png in Resources */ = {isa = PBXBuildFile; fileRef = FFB7A2AB1FAD0ECF003B2FBE /* Loading Skull_00002.png */; };
		FFB7A2D41FAD0ECF003B2FBE /* Loading Skull_00006.png in Resources */ = {isa = PBXBuildFile; fileRef = FFB7A2AC1FAD0ECF003B2FBE /* Loading Skull_00006.png */; };
		FFB7A2D51FAD0ECF003B2FBE /* Loading Skull_00012.png in Resources */ = {isa = PBXBuildFile; fileRef = FFB7A2AD1FAD0ECF003B2FBE /* Loading Skull_00012.png */; };
		FFB7A2D61FAD0ECF003B2FBE /* Loading Skull_00013.png in Resources */ = {isa = PBXBuildFile; fileRef = FFB7A2AE1FAD0ECF003B2FBE /* Loading Skull_00013.png */; };
		FFB7A2D71FAD0ECF003B2FBE /* Loading Skull_00007.png in Resources */ = {isa = PBXBuildFile; fileRef = FFB7A2AF1FAD0ECF003B2FBE /* Loading Skull_00007.png */; };
		FFB7A2D81FAD0ECF003B2FBE /* Loading Skull_00011.png in Resources */ = {isa = PBXBuildFile; fileRef = FFB7A2B01FAD0ECF003B2FBE /* Loading Skull_00011.png */; };
		FFB7A2D91FAD0ECF003B2FBE /* Loading Skull_00005.png in Resources */ = {isa = PBXBuildFile; fileRef = FFB7A2B11FAD0ECF003B2FBE /* Loading Skull_00005.png */; };
		FFB7A2DA1FAD0ECF003B2FBE /* Loading Skull_00039.png in Resources */ = {isa = PBXBuildFile; fileRef = FFB7A2B21FAD0ECF003B2FBE /* Loading Skull_00039.png */; };
		FFB7A2DB1FAD0ECF003B2FBE /* Loading Skull_00038.png in Resources */ = {isa = PBXBuildFile; fileRef = FFB7A2B31FAD0ECF003B2FBE /* Loading Skull_00038.png */; };
		FFB7A2DC1FAD0ECF003B2FBE /* Loading Skull_00004.png in Resources */ = {isa = PBXBuildFile; fileRef = FFB7A2B41FAD0ECF003B2FBE /* Loading Skull_00004.png */; };
		FFB7A2DD1FAD0ECF003B2FBE /* Loading Skull_00010.png in Resources */ = {isa = PBXBuildFile; fileRef = FFB7A2B51FAD0ECF003B2FBE /* Loading Skull_00010.png */; };
		FFB7A2DF1FAD304F003B2FBE /* DatabaseService.swift in Sources */ = {isa = PBXBuildFile; fileRef = FFB7A2DE1FAD304F003B2FBE /* DatabaseService.swift */; };
		FFB7A2E11FADC99A003B2FBE /* HowToController.swift in Sources */ = {isa = PBXBuildFile; fileRef = FFB7A2E01FADC99A003B2FBE /* HowToController.swift */; };
		FFB7A2E31FADC9A4003B2FBE /* HowToView.xib in Resources */ = {isa = PBXBuildFile; fileRef = FFB7A2E21FADC9A4003B2FBE /* HowToView.xib */; };
		FFB7A2E51FADD1F6003B2FBE /* BeerEmptyState.xib in Resources */ = {isa = PBXBuildFile; fileRef = FFB7A2E41FADD1F6003B2FBE /* BeerEmptyState.xib */; };
		FFB7A2E71FADD203003B2FBE /* BeerEmptyController.swift in Sources */ = {isa = PBXBuildFile; fileRef = FFB7A2E61FADD203003B2FBE /* BeerEmptyController.swift */; };
		FFE945581FB877BD00CB5BA1 /* beer-menu.jpg in Resources */ = {isa = PBXBuildFile; fileRef = FFE945571FB877BC00CB5BA1 /* beer-menu.jpg */; };
/* End PBXBuildFile section */

/* Begin PBXFileReference section */
		692CCE5406932C882910978F /* Pods-BeerGoggles.debug.xcconfig */ = {isa = PBXFileReference; includeInIndex = 1; lastKnownFileType = text.xcconfig; name = "Pods-BeerGoggles.debug.xcconfig"; path = "Pods/Target Support Files/Pods-BeerGoggles/Pods-BeerGoggles.debug.xcconfig"; sourceTree = "<group>"; };
		78E8A70B3DC701D86292AD04 /* Pods_BeerGoggles.framework */ = {isa = PBXFileReference; explicitFileType = wrapper.framework; includeInIndex = 0; path = Pods_BeerGoggles.framework; sourceTree = BUILT_PRODUCTS_DIR; };
		7F5F20C7CB9F8A37428D9DBC /* Pods-Uncheckd.debug.xcconfig */ = {isa = PBXFileReference; includeInIndex = 1; lastKnownFileType = text.xcconfig; name = "Pods-Uncheckd.debug.xcconfig"; path = "Pods/Target Support Files/Pods-Uncheckd/Pods-Uncheckd.debug.xcconfig"; sourceTree = "<group>"; };
		99C20C9E01C5FF87AECB6A2C /* Pods-BeerGoggles.release.xcconfig */ = {isa = PBXFileReference; includeInIndex = 1; lastKnownFileType = text.xcconfig; name = "Pods-BeerGoggles.release.xcconfig"; path = "Pods/Target Support Files/Pods-BeerGoggles/Pods-BeerGoggles.release.xcconfig"; sourceTree = "<group>"; };
		A624C2E081F0F3DB4BB16DD9 /* Pods_Uncheckd.framework */ = {isa = PBXFileReference; explicitFileType = wrapper.framework; includeInIndex = 0; path = Pods_Uncheckd.framework; sourceTree = BUILT_PRODUCTS_DIR; };
		BB03DBA658D5AC91AE70EFFB /* Pods-Uncheckd.release.xcconfig */ = {isa = PBXFileReference; includeInIndex = 1; lastKnownFileType = text.xcconfig; name = "Pods-Uncheckd.release.xcconfig"; path = "Pods/Target Support Files/Pods-Uncheckd/Pods-Uncheckd.release.xcconfig"; sourceTree = "<group>"; };
		C30BB76B1FB72674008B2A5D /* AuthenticationService.swift */ = {isa = PBXFileReference; lastKnownFileType = sourcecode.swift; path = AuthenticationService.swift; sourceTree = "<group>"; };
		C30BB76D1FB73A7D008B2A5D /* SessionCell.xib */ = {isa = PBXFileReference; lastKnownFileType = file.xib; path = SessionCell.xib; sourceTree = "<group>"; };
		C30BB76F1FB73A85008B2A5D /* SessionCell.swift */ = {isa = PBXFileReference; lastKnownFileType = sourcecode.swift; path = SessionCell.swift; sourceTree = "<group>"; };
		C30BB7711FB73E4D008B2A5D /* Date.swift */ = {isa = PBXFileReference; lastKnownFileType = sourcecode.swift; path = Date.swift; sourceTree = "<group>"; };
		FF2391B91FAC5F45001D432A /* Uncheckd.app */ = {isa = PBXFileReference; explicitFileType = wrapper.application; includeInIndex = 0; path = Uncheckd.app; sourceTree = BUILT_PRODUCTS_DIR; };
		FF2391BC1FAC5F45001D432A /* AppDelegate.swift */ = {isa = PBXFileReference; lastKnownFileType = sourcecode.swift; path = AppDelegate.swift; sourceTree = "<group>"; };
		FF2391BE1FAC5F45001D432A /* LoginController.swift */ = {isa = PBXFileReference; lastKnownFileType = sourcecode.swift; path = LoginController.swift; sourceTree = "<group>"; };
		FF2391C41FAC5F45001D432A /* BeerGoggles.xcdatamodel */ = {isa = PBXFileReference; lastKnownFileType = wrapper.xcdatamodel; path = BeerGoggles.xcdatamodel; sourceTree = "<group>"; };
		FF2391C61FAC5F45001D432A /* Assets.xcassets */ = {isa = PBXFileReference; lastKnownFileType = folder.assetcatalog; path = Assets.xcassets; sourceTree = "<group>"; };
		FF2391C91FAC5F45001D432A /* Base */ = {isa = PBXFileReference; lastKnownFileType = file.storyboard; name = Base; path = Base.lproj/LaunchScreen.storyboard; sourceTree = "<group>"; };
		FF2391CB1FAC5F45001D432A /* Info.plist */ = {isa = PBXFileReference; lastKnownFileType = text.plist.xml; path = Info.plist; sourceTree = "<group>"; };
		FF2391D21FAC60D8001D432A /* ApiService.swift */ = {isa = PBXFileReference; lastKnownFileType = sourcecode.swift; path = ApiService.swift; sourceTree = "<group>"; };
		FF2391D41FAC6278001D432A /* Model.swift */ = {isa = PBXFileReference; lastKnownFileType = sourcecode.swift; path = Model.swift; sourceTree = "<group>"; };
		FF2391D61FAC7026001D432A /* TabController.swift */ = {isa = PBXFileReference; lastKnownFileType = sourcecode.swift; path = TabController.swift; sourceTree = "<group>"; };
		FF2391DA1FAC7093001D432A /* LoginView.xib */ = {isa = PBXFileReference; lastKnownFileType = file.xib; path = LoginView.xib; sourceTree = "<group>"; };
		FF2391E01FAC774C001D432A /* CameraController.swift */ = {isa = PBXFileReference; lastKnownFileType = sourcecode.swift; path = CameraController.swift; sourceTree = "<group>"; };
		FF2391E21FAC7794001D432A /* CameraView.xib */ = {isa = PBXFileReference; lastKnownFileType = file.xib; path = CameraView.xib; sourceTree = "<group>"; };
		FF2391E41FAC8134001D432A /* LoadingController.swift */ = {isa = PBXFileReference; lastKnownFileType = sourcecode.swift; path = LoadingController.swift; sourceTree = "<group>"; };
		FF2391E71FAC8D77001D432A /* LoadingView.xib */ = {isa = PBXFileReference; lastKnownFileType = file.xib; path = LoadingView.xib; sourceTree = "<group>"; };
		FF2391EA1FAC9617001D432A /* SettingsController.swift */ = {isa = PBXFileReference; lastKnownFileType = sourcecode.swift; path = SettingsController.swift; sourceTree = "<group>"; };
		FF2391EC1FAC9633001D432A /* SettingsView.xib */ = {isa = PBXFileReference; lastKnownFileType = file.xib; path = SettingsView.xib; sourceTree = "<group>"; };
		FF2391EF1FAC9970001D432A /* AboutController.swift */ = {isa = PBXFileReference; lastKnownFileType = sourcecode.swift; path = AboutController.swift; sourceTree = "<group>"; };
		FF2391F11FAC9979001D432A /* AboutView.xib */ = {isa = PBXFileReference; lastKnownFileType = file.xib; path = AboutView.xib; sourceTree = "<group>"; };
		FF2391F41FAC9FB8001D432A /* SessionsController.swift */ = {isa = PBXFileReference; lastKnownFileType = sourcecode.swift; path = SessionsController.swift; sourceTree = "<group>"; };
		FF2391FB1FACA371001D432A /* BeerCaptureOverviewController.swift */ = {isa = PBXFileReference; lastKnownFileType = sourcecode.swift; path = BeerCaptureOverviewController.swift; sourceTree = "<group>"; };
		FF2391FD1FACA38B001D432A /* BeerCaptureOverviewView.xib */ = {isa = PBXFileReference; lastKnownFileType = file.xib; path = BeerCaptureOverviewView.xib; sourceTree = "<group>"; };
		FF2392001FACA4D5001D432A /* ScanningController.swift */ = {isa = PBXFileReference; lastKnownFileType = sourcecode.swift; path = ScanningController.swift; sourceTree = "<group>"; };
		FF2392021FACA4DF001D432A /* ScanningView.xib */ = {isa = PBXFileReference; lastKnownFileType = file.xib; path = ScanningView.xib; sourceTree = "<group>"; };
		FF2392051FACACC0001D432A /* Colors.swift */ = {isa = PBXFileReference; lastKnownFileType = sourcecode.swift; path = Colors.swift; sourceTree = "<group>"; };
		FF2392071FACAF8F001D432A /* Futura.ttc */ = {isa = PBXFileReference; lastKnownFileType = file; path = Futura.ttc; sourceTree = "<group>"; };
		FF2392091FACAF9C001D432A /* Fonts.swift */ = {isa = PBXFileReference; lastKnownFileType = sourcecode.swift; path = Fonts.swift; sourceTree = "<group>"; };
		FF23920C1FACB185001D432A /* R.generated.swift */ = {isa = PBXFileReference; fileEncoding = 4; lastKnownFileType = sourcecode.swift; path = R.generated.swift; sourceTree = "<group>"; };
		FF23920E1FACB821001D432A /* ActionButton.swift */ = {isa = PBXFileReference; lastKnownFileType = sourcecode.swift; path = ActionButton.swift; sourceTree = "<group>"; };
		FF2392101FACC0AB001D432A /* talkinghead-test.json */ = {isa = PBXFileReference; fileEncoding = 4; lastKnownFileType = text.json; path = "talkinghead-test.json"; sourceTree = "<group>"; };
		FF2392121FACC0F2001D432A /* AuthorizationController.swift */ = {isa = PBXFileReference; lastKnownFileType = sourcecode.swift; path = AuthorizationController.swift; sourceTree = "<group>"; };
		FF2392151FACC11A001D432A /* AuthorizationView.xib */ = {isa = PBXFileReference; lastKnownFileType = file.xib; path = AuthorizationView.xib; sourceTree = "<group>"; };
		FF2392171FACD264001D432A /* BeerSelectCell.swift */ = {isa = PBXFileReference; lastKnownFileType = sourcecode.swift; path = BeerSelectCell.swift; sourceTree = "<group>"; };
		FF2392191FACD270001D432A /* BeerSelectCell.xib */ = {isa = PBXFileReference; lastKnownFileType = file.xib; path = BeerSelectCell.xib; sourceTree = "<group>"; };
		FF23921C1FACE480001D432A /* Moving Talking Head_00013.png */ = {isa = PBXFileReference; lastKnownFileType = image.png; path = "Moving Talking Head_00013.png"; sourceTree = "<group>"; };
		FF23921D1FACE480001D432A /* Moving Talking Head_00007.png */ = {isa = PBXFileReference; lastKnownFileType = image.png; path = "Moving Talking Head_00007.png"; sourceTree = "<group>"; };
		FF23921E1FACE480001D432A /* Moving Talking Head_00006.png */ = {isa = PBXFileReference; lastKnownFileType = image.png; path = "Moving Talking Head_00006.png"; sourceTree = "<group>"; };
		FF23921F1FACE480001D432A /* Moving Talking Head_00012.png */ = {isa = PBXFileReference; lastKnownFileType = image.png; path = "Moving Talking Head_00012.png"; sourceTree = "<group>"; };
		FF2392201FACE480001D432A /* Moving Talking Head_00038.png */ = {isa = PBXFileReference; lastKnownFileType = image.png; path = "Moving Talking Head_00038.png"; sourceTree = "<group>"; };
		FF2392211FACE480001D432A /* Moving Talking Head_00004.png */ = {isa = PBXFileReference; lastKnownFileType = image.png; path = "Moving Talking Head_00004.png"; sourceTree = "<group>"; };
		FF2392221FACE480001D432A /* Moving Talking Head_00010.png */ = {isa = PBXFileReference; lastKnownFileType = image.png; path = "Moving Talking Head_00010.png"; sourceTree = "<group>"; };
		FF2392231FACE480001D432A /* Moving Talking Head_00011.png */ = {isa = PBXFileReference; lastKnownFileType = image.png; path = "Moving Talking Head_00011.png"; sourceTree = "<group>"; };
		FF2392241FACE480001D432A /* Moving Talking Head_00005.png */ = {isa = PBXFileReference; lastKnownFileType = image.png; path = "Moving Talking Head_00005.png"; sourceTree = "<group>"; };
		FF2392251FACE480001D432A /* Moving Talking Head_00039.png */ = {isa = PBXFileReference; lastKnownFileType = image.png; path = "Moving Talking Head_00039.png"; sourceTree = "<group>"; };
		FF2392261FACE480001D432A /* Moving Talking Head_00001.png */ = {isa = PBXFileReference; lastKnownFileType = image.png; path = "Moving Talking Head_00001.png"; sourceTree = "<group>"; };
		FF2392271FACE480001D432A /* Moving Talking Head_00015.png */ = {isa = PBXFileReference; lastKnownFileType = image.png; path = "Moving Talking Head_00015.png"; sourceTree = "<group>"; };
		FF2392281FACE480001D432A /* Moving Talking Head_00029.png */ = {isa = PBXFileReference; lastKnownFileType = image.png; path = "Moving Talking Head_00029.png"; sourceTree = "<group>"; };
		FF2392291FACE480001D432A /* Moving Talking Head_00028.png */ = {isa = PBXFileReference; lastKnownFileType = image.png; path = "Moving Talking Head_00028.png"; sourceTree = "<group>"; };
		FF23922A1FACE480001D432A /* Moving Talking Head_00014.png */ = {isa = PBXFileReference; lastKnownFileType = image.png; path = "Moving Talking Head_00014.png"; sourceTree = "<group>"; };
		FF23922B1FACE480001D432A /* Moving Talking Head_00000.png */ = {isa = PBXFileReference; lastKnownFileType = image.png; path = "Moving Talking Head_00000.png"; sourceTree = "<group>"; };
		FF23922C1FACE480001D432A /* Moving Talking Head_00016.png */ = {isa = PBXFileReference; lastKnownFileType = image.png; path = "Moving Talking Head_00016.png"; sourceTree = "<group>"; };
		FF23922D1FACE480001D432A /* Moving Talking Head_00002.png */ = {isa = PBXFileReference; lastKnownFileType = image.png; path = "Moving Talking Head_00002.png"; sourceTree = "<group>"; };
		FF23922E1FACE480001D432A /* Moving Talking Head_00003.png */ = {isa = PBXFileReference; lastKnownFileType = image.png; path = "Moving Talking Head_00003.png"; sourceTree = "<group>"; };
		FF23922F1FACE480001D432A /* Moving Talking Head_00017.png */ = {isa = PBXFileReference; lastKnownFileType = image.png; path = "Moving Talking Head_00017.png"; sourceTree = "<group>"; };
		FF2392301FACE480001D432A /* Moving Talking Head_00032.png */ = {isa = PBXFileReference; lastKnownFileType = image.png; path = "Moving Talking Head_00032.png"; sourceTree = "<group>"; };
		FF2392311FACE480001D432A /* Moving Talking Head_00026.png */ = {isa = PBXFileReference; lastKnownFileType = image.png; path = "Moving Talking Head_00026.png"; sourceTree = "<group>"; };
		FF2392321FACE480001D432A /* Moving Talking Head_00027.png */ = {isa = PBXFileReference; lastKnownFileType = image.png; path = "Moving Talking Head_00027.png"; sourceTree = "<group>"; };
		FF2392331FACE480001D432A /* Moving Talking Head_00033.png */ = {isa = PBXFileReference; lastKnownFileType = image.png; path = "Moving Talking Head_00033.png"; sourceTree = "<group>"; };
		FF2392341FACE480001D432A /* Moving Talking Head_00019.png */ = {isa = PBXFileReference; lastKnownFileType = image.png; path = "Moving Talking Head_00019.png"; sourceTree = "<group>"; };
		FF2392351FACE480001D432A /* Moving Talking Head_00025.png */ = {isa = PBXFileReference; lastKnownFileType = image.png; path = "Moving Talking Head_00025.png"; sourceTree = "<group>"; };
		FF2392361FACE480001D432A /* Moving Talking Head_00031.png */ = {isa = PBXFileReference; lastKnownFileType = image.png; path = "Moving Talking Head_00031.png"; sourceTree = "<group>"; };
		FF2392371FACE480001D432A /* Moving Talking Head_00030.png */ = {isa = PBXFileReference; lastKnownFileType = image.png; path = "Moving Talking Head_00030.png"; sourceTree = "<group>"; };
		FF2392381FACE480001D432A /* Moving Talking Head_00024.png */ = {isa = PBXFileReference; lastKnownFileType = image.png; path = "Moving Talking Head_00024.png"; sourceTree = "<group>"; };
		FF2392391FACE480001D432A /* Moving Talking Head_00018.png */ = {isa = PBXFileReference; lastKnownFileType = image.png; path = "Moving Talking Head_00018.png"; sourceTree = "<group>"; };
		FF23923A1FACE480001D432A /* Moving Talking Head_00020.png */ = {isa = PBXFileReference; lastKnownFileType = image.png; path = "Moving Talking Head_00020.png"; sourceTree = "<group>"; };
		FF23923B1FACE480001D432A /* Moving Talking Head_00034.png */ = {isa = PBXFileReference; lastKnownFileType = image.png; path = "Moving Talking Head_00034.png"; sourceTree = "<group>"; };
		FF23923C1FACE480001D432A /* Moving Talking Head_00008.png */ = {isa = PBXFileReference; lastKnownFileType = image.png; path = "Moving Talking Head_00008.png"; sourceTree = "<group>"; };
		FF23923D1FACE480001D432A /* Moving Talking Head_00009.png */ = {isa = PBXFileReference; lastKnownFileType = image.png; path = "Moving Talking Head_00009.png"; sourceTree = "<group>"; };
		FF23923E1FACE480001D432A /* Moving Talking Head_00035.png */ = {isa = PBXFileReference; lastKnownFileType = image.png; path = "Moving Talking Head_00035.png"; sourceTree = "<group>"; };
		FF23923F1FACE480001D432A /* Moving Talking Head_00021.png */ = {isa = PBXFileReference; lastKnownFileType = image.png; path = "Moving Talking Head_00021.png"; sourceTree = "<group>"; };
		FF2392401FACE480001D432A /* Moving Talking Head_00037.png */ = {isa = PBXFileReference; lastKnownFileType = image.png; path = "Moving Talking Head_00037.png"; sourceTree = "<group>"; };
		FF2392411FACE480001D432A /* Moving Talking Head_00023.png */ = {isa = PBXFileReference; lastKnownFileType = image.png; path = "Moving Talking Head_00023.png"; sourceTree = "<group>"; };
		FF2392421FACE480001D432A /* Moving Talking Head_00022.png */ = {isa = PBXFileReference; lastKnownFileType = image.png; path = "Moving Talking Head_00022.png"; sourceTree = "<group>"; };
		FF2392431FACE480001D432A /* Moving Talking Head_00036.png */ = {isa = PBXFileReference; lastKnownFileType = image.png; path = "Moving Talking Head_00036.png"; sourceTree = "<group>"; };
		FF23926C1FACE4A9001D432A /* AnimationView.swift */ = {isa = PBXFileReference; lastKnownFileType = sourcecode.swift; path = AnimationView.swift; sourceTree = "<group>"; };
		FF33FEF41FB4F07D00C322F8 /* ImageService.swift */ = {isa = PBXFileReference; lastKnownFileType = sourcecode.swift; path = ImageService.swift; sourceTree = "<group>"; };
		FF33FEF61FB4F4BA00C322F8 /* App.swift */ = {isa = PBXFileReference; lastKnownFileType = sourcecode.swift; path = App.swift; sourceTree = "<group>"; };
		FF33FEF81FB4F8E900C322F8 /* BeerResultCoordinator.swift */ = {isa = PBXFileReference; lastKnownFileType = sourcecode.swift; path = BeerResultCoordinator.swift; sourceTree = "<group>"; };
		FF4B910C1FADDC0A00C8375C /* ErrorController.swift */ = {isa = PBXFileReference; lastKnownFileType = sourcecode.swift; path = ErrorController.swift; sourceTree = "<group>"; };
		FF4B910E1FADDC2200C8375C /* ErrorView.xib */ = {isa = PBXFileReference; lastKnownFileType = file.xib; path = ErrorView.xib; sourceTree = "<group>"; };
		FFB7A2821FACFA8C003B2FBE /* BeerResultOverviewController.swift */ = {isa = PBXFileReference; lastKnownFileType = sourcecode.swift; path = BeerResultOverviewController.swift; sourceTree = "<group>"; };
		FFB7A2841FACFCD7003B2FBE /* BeerResultCell.swift */ = {isa = PBXFileReference; lastKnownFileType = sourcecode.swift; path = BeerResultCell.swift; sourceTree = "<group>"; };
		FFB7A2861FACFCE4003B2FBE /* BeerResultCell.xib */ = {isa = PBXFileReference; lastKnownFileType = file.xib; path = BeerResultCell.xib; sourceTree = "<group>"; };
		FFB7A2891FAD002F003B2FBE /* BeerDetailView.xib */ = {isa = PBXFileReference; lastKnownFileType = file.xib; path = BeerDetailView.xib; sourceTree = "<group>"; };
		FFB7A28B1FAD0041003B2FBE /* BeerDetailController.swift */ = {isa = PBXFileReference; lastKnownFileType = sourcecode.swift; path = BeerDetailController.swift; sourceTree = "<group>"; };
		FFB7A28E1FAD0ECF003B2FBE /* Loading Skull_00009.png */ = {isa = PBXFileReference; lastKnownFileType = image.png; path = "Loading Skull_00009.png"; sourceTree = "<group>"; };
		FFB7A28F1FAD0ECF003B2FBE /* Loading Skull_00035.png */ = {isa = PBXFileReference; lastKnownFileType = image.png; path = "Loading Skull_00035.png"; sourceTree = "<group>"; };
		FFB7A2901FAD0ECF003B2FBE /* Loading Skull_00021.png */ = {isa = PBXFileReference; lastKnownFileType = image.png; path = "Loading Skull_00021.png"; sourceTree = "<group>"; };
		FFB7A2911FAD0ECF003B2FBE /* Loading Skull_00020.png */ = {isa = PBXFileReference; lastKnownFileType = image.png; path = "Loading Skull_00020.png"; sourceTree = "<group>"; };
		FFB7A2921FAD0ECF003B2FBE /* Loading Skull_00034.png */ = {isa = PBXFileReference; lastKnownFileType = image.png; path = "Loading Skull_00034.png"; sourceTree = "<group>"; };
		FFB7A2931FAD0ECF003B2FBE /* Loading Skull_00008.png */ = {isa = PBXFileReference; lastKnownFileType = image.png; path = "Loading Skull_00008.png"; sourceTree = "<group>"; };
		FFB7A2941FAD0ECF003B2FBE /* Loading Skull_00022.png */ = {isa = PBXFileReference; lastKnownFileType = image.png; path = "Loading Skull_00022.png"; sourceTree = "<group>"; };
		FFB7A2951FAD0ECF003B2FBE /* Loading Skull_00036.png */ = {isa = PBXFileReference; lastKnownFileType = image.png; path = "Loading Skull_00036.png"; sourceTree = "<group>"; };
		FFB7A2961FAD0ECF003B2FBE /* Loading Skull_00037.png */ = {isa = PBXFileReference; lastKnownFileType = image.png; path = "Loading Skull_00037.png"; sourceTree = "<group>"; };
		FFB7A2971FAD0ECF003B2FBE /* Loading Skull_00023.png */ = {isa = PBXFileReference; lastKnownFileType = image.png; path = "Loading Skull_00023.png"; sourceTree = "<group>"; };
		FFB7A2981FAD0ECF003B2FBE /* Loading Skull_00027.png */ = {isa = PBXFileReference; lastKnownFileType = image.png; path = "Loading Skull_00027.png"; sourceTree = "<group>"; };
		FFB7A2991FAD0ECF003B2FBE /* Loading Skull_00033.png */ = {isa = PBXFileReference; lastKnownFileType = image.png; path = "Loading Skull_00033.png"; sourceTree = "<group>"; };
		FFB7A29A1FAD0ECF003B2FBE /* Loading Skull_00032.png */ = {isa = PBXFileReference; lastKnownFileType = image.png; path = "Loading Skull_00032.png"; sourceTree = "<group>"; };
		FFB7A29B1FAD0ECF003B2FBE /* Loading Skull_00026.png */ = {isa = PBXFileReference; lastKnownFileType = image.png; path = "Loading Skull_00026.png"; sourceTree = "<group>"; };
		FFB7A29C1FAD0ECF003B2FBE /* Loading Skull_00030.png */ = {isa = PBXFileReference; lastKnownFileType = image.png; path = "Loading Skull_00030.png"; sourceTree = "<group>"; };
		FFB7A29D1FAD0ECF003B2FBE /* Loading Skull_00024.png */ = {isa = PBXFileReference; lastKnownFileType = image.png; path = "Loading Skull_00024.png"; sourceTree = "<group>"; };
		FFB7A29E1FAD0ECF003B2FBE /* Loading Skull_00018.png */ = {isa = PBXFileReference; lastKnownFileType = image.png; path = "Loading Skull_00018.png"; sourceTree = "<group>"; };
		FFB7A29F1FAD0ECF003B2FBE /* Loading Skull_00019.png */ = {isa = PBXFileReference; lastKnownFileType = image.png; path = "Loading Skull_00019.png"; sourceTree = "<group>"; };
		FFB7A2A01FAD0ECF003B2FBE /* Loading Skull_00025.png */ = {isa = PBXFileReference; lastKnownFileType = image.png; path = "Loading Skull_00025.png"; sourceTree = "<group>"; };
		FFB7A2A11FAD0ECF003B2FBE /* Loading Skull_00031.png */ = {isa = PBXFileReference; lastKnownFileType = image.png; path = "Loading Skull_00031.png"; sourceTree = "<group>"; };
		FFB7A2A21FAD0ECF003B2FBE /* Loading Skull_00028.png */ = {isa = PBXFileReference; lastKnownFileType = image.png; path = "Loading Skull_00028.png"; sourceTree = "<group>"; };
		FFB7A2A31FAD0ECF003B2FBE /* Loading Skull_00014.png */ = {isa = PBXFileReference; lastKnownFileType = image.png; path = "Loading Skull_00014.png"; sourceTree = "<group>"; };
		FFB7A2A41FAD0ECF003B2FBE /* Loading Skull_00000.png */ = {isa = PBXFileReference; lastKnownFileType = image.png; path = "Loading Skull_00000.png"; sourceTree = "<group>"; };
		FFB7A2A51FAD0ECF003B2FBE /* Loading Skull_00001.png */ = {isa = PBXFileReference; lastKnownFileType = image.png; path = "Loading Skull_00001.png"; sourceTree = "<group>"; };
		FFB7A2A61FAD0ECF003B2FBE /* Loading Skull_00015.png */ = {isa = PBXFileReference; lastKnownFileType = image.png; path = "Loading Skull_00015.png"; sourceTree = "<group>"; };
		FFB7A2A71FAD0ECF003B2FBE /* Loading Skull_00029.png */ = {isa = PBXFileReference; lastKnownFileType = image.png; path = "Loading Skull_00029.png"; sourceTree = "<group>"; };
		FFB7A2A81FAD0ECF003B2FBE /* Loading Skull_00003.png */ = {isa = PBXFileReference; lastKnownFileType = image.png; path = "Loading Skull_00003.png"; sourceTree = "<group>"; };
		FFB7A2A91FAD0ECF003B2FBE /* Loading Skull_00017.png */ = {isa = PBXFileReference; lastKnownFileType = image.png; path = "Loading Skull_00017.png"; sourceTree = "<group>"; };
		FFB7A2AA1FAD0ECF003B2FBE /* Loading Skull_00016.png */ = {isa = PBXFileReference; lastKnownFileType = image.png; path = "Loading Skull_00016.png"; sourceTree = "<group>"; };
		FFB7A2AB1FAD0ECF003B2FBE /* Loading Skull_00002.png */ = {isa = PBXFileReference; lastKnownFileType = image.png; path = "Loading Skull_00002.png"; sourceTree = "<group>"; };
		FFB7A2AC1FAD0ECF003B2FBE /* Loading Skull_00006.png */ = {isa = PBXFileReference; lastKnownFileType = image.png; path = "Loading Skull_00006.png"; sourceTree = "<group>"; };
		FFB7A2AD1FAD0ECF003B2FBE /* Loading Skull_00012.png */ = {isa = PBXFileReference; lastKnownFileType = image.png; path = "Loading Skull_00012.png"; sourceTree = "<group>"; };
		FFB7A2AE1FAD0ECF003B2FBE /* Loading Skull_00013.png */ = {isa = PBXFileReference; lastKnownFileType = image.png; path = "Loading Skull_00013.png"; sourceTree = "<group>"; };
		FFB7A2AF1FAD0ECF003B2FBE /* Loading Skull_00007.png */ = {isa = PBXFileReference; lastKnownFileType = image.png; path = "Loading Skull_00007.png"; sourceTree = "<group>"; };
		FFB7A2B01FAD0ECF003B2FBE /* Loading Skull_00011.png */ = {isa = PBXFileReference; lastKnownFileType = image.png; path = "Loading Skull_00011.png"; sourceTree = "<group>"; };
		FFB7A2B11FAD0ECF003B2FBE /* Loading Skull_00005.png */ = {isa = PBXFileReference; lastKnownFileType = image.png; path = "Loading Skull_00005.png"; sourceTree = "<group>"; };
		FFB7A2B21FAD0ECF003B2FBE /* Loading Skull_00039.png */ = {isa = PBXFileReference; lastKnownFileType = image.png; path = "Loading Skull_00039.png"; sourceTree = "<group>"; };
		FFB7A2B31FAD0ECF003B2FBE /* Loading Skull_00038.png */ = {isa = PBXFileReference; lastKnownFileType = image.png; path = "Loading Skull_00038.png"; sourceTree = "<group>"; };
		FFB7A2B41FAD0ECF003B2FBE /* Loading Skull_00004.png */ = {isa = PBXFileReference; lastKnownFileType = image.png; path = "Loading Skull_00004.png"; sourceTree = "<group>"; };
		FFB7A2B51FAD0ECF003B2FBE /* Loading Skull_00010.png */ = {isa = PBXFileReference; lastKnownFileType = image.png; path = "Loading Skull_00010.png"; sourceTree = "<group>"; };
		FFB7A2DE1FAD304F003B2FBE /* DatabaseService.swift */ = {isa = PBXFileReference; lastKnownFileType = sourcecode.swift; path = DatabaseService.swift; sourceTree = "<group>"; };
		FFB7A2E01FADC99A003B2FBE /* HowToController.swift */ = {isa = PBXFileReference; lastKnownFileType = sourcecode.swift; path = HowToController.swift; sourceTree = "<group>"; };
		FFB7A2E21FADC9A4003B2FBE /* HowToView.xib */ = {isa = PBXFileReference; lastKnownFileType = file.xib; path = HowToView.xib; sourceTree = "<group>"; };
		FFB7A2E41FADD1F6003B2FBE /* BeerEmptyState.xib */ = {isa = PBXFileReference; lastKnownFileType = file.xib; path = BeerEmptyState.xib; sourceTree = "<group>"; };
		FFB7A2E61FADD203003B2FBE /* BeerEmptyController.swift */ = {isa = PBXFileReference; lastKnownFileType = sourcecode.swift; path = BeerEmptyController.swift; sourceTree = "<group>"; };
		FFE945571FB877BC00CB5BA1 /* beer-menu.jpg */ = {isa = PBXFileReference; lastKnownFileType = image.jpeg; path = "beer-menu.jpg"; sourceTree = "<group>"; };
/* End PBXFileReference section */

/* Begin PBXFrameworksBuildPhase section */
		FF2391B61FAC5F45001D432A /* Frameworks */ = {
			isa = PBXFrameworksBuildPhase;
			buildActionMask = 2147483647;
			files = (
				948E3D5DAAEB0FA78E861E93 /* Pods_Uncheckd.framework in Frameworks */,
			);
			runOnlyForDeploymentPostprocessing = 0;
		};
/* End PBXFrameworksBuildPhase section */

/* Begin PBXGroup section */
		48B386F1CF89EB7F092FC727 /* Frameworks */ = {
			isa = PBXGroup;
			children = (
				78E8A70B3DC701D86292AD04 /* Pods_BeerGoggles.framework */,
				A624C2E081F0F3DB4BB16DD9 /* Pods_Uncheckd.framework */,
			);
			name = Frameworks;
			sourceTree = "<group>";
		};
		80F4426781FC3D46DD4B2A46 /* Pods */ = {
			isa = PBXGroup;
			children = (
				692CCE5406932C882910978F /* Pods-BeerGoggles.debug.xcconfig */,
				99C20C9E01C5FF87AECB6A2C /* Pods-BeerGoggles.release.xcconfig */,
				7F5F20C7CB9F8A37428D9DBC /* Pods-Uncheckd.debug.xcconfig */,
				BB03DBA658D5AC91AE70EFFB /* Pods-Uncheckd.release.xcconfig */,
			);
			name = Pods;
			sourceTree = "<group>";
		};
		C30BB7731FB73E52008B2A5D /* Extensions */ = {
			isa = PBXGroup;
			children = (
				C30BB7711FB73E4D008B2A5D /* Date.swift */,
			);
			path = Extensions;
			sourceTree = "<group>";
		};
		FF2391B01FAC5F45001D432A = {
			isa = PBXGroup;
			children = (
				FF2391BB1FAC5F45001D432A /* BeerGoggles */,
				FF2391BA1FAC5F45001D432A /* Products */,
				80F4426781FC3D46DD4B2A46 /* Pods */,
				48B386F1CF89EB7F092FC727 /* Frameworks */,
			);
			sourceTree = "<group>";
		};
		FF2391BA1FAC5F45001D432A /* Products */ = {
			isa = PBXGroup;
			children = (
				FF2391B91FAC5F45001D432A /* Uncheckd.app */,
			);
			name = Products;
			sourceTree = "<group>";
		};
		FF2391BB1FAC5F45001D432A /* BeerGoggles */ = {
			isa = PBXGroup;
			children = (
				C30BB7731FB73E52008B2A5D /* Extensions */,
				FF2392041FACACB4001D432A /* Resources */,
				FF2391D81FAC7059001D432A /* Features */,
				FF2391D11FAC60CB001D432A /* Services */,
				FF33FEF61FB4F4BA00C322F8 /* App.swift */,
				FF2391BC1FAC5F45001D432A /* AppDelegate.swift */,
				FF23920C1FACB185001D432A /* R.generated.swift */,
				FF2391C61FAC5F45001D432A /* Assets.xcassets */,
				FF2391C81FAC5F45001D432A /* LaunchScreen.storyboard */,
				FF2391CB1FAC5F45001D432A /* Info.plist */,
				FF2391C31FAC5F45001D432A /* BeerGoggles.xcdatamodeld */,
			);
			path = BeerGoggles;
			sourceTree = "<group>";
		};
		FF2391D11FAC60CB001D432A /* Services */ = {
			isa = PBXGroup;
			children = (
				FF2391D21FAC60D8001D432A /* ApiService.swift */,
				FF2391D41FAC6278001D432A /* Model.swift */,
				FFB7A2DE1FAD304F003B2FBE /* DatabaseService.swift */,
				FF33FEF41FB4F07D00C322F8 /* ImageService.swift */,
				FF33FEF81FB4F8E900C322F8 /* BeerResultCoordinator.swift */,
				C30BB76B1FB72674008B2A5D /* AuthenticationService.swift */,
			);
			path = Services;
			sourceTree = "<group>";
		};
		FF2391D81FAC7059001D432A /* Features */ = {
			isa = PBXGroup;
			children = (
				FF4B910B1FADDBFE00C8375C /* Error */,
				FF2391D61FAC7026001D432A /* TabController.swift */,
				FF2392141FACC106001D432A /* Authorization */,
				FF2391F31FAC9FA8001D432A /* Sessions */,
				FF2391EE1FAC9965001D432A /* About */,
				FF2391E91FAC9608001D432A /* Settings */,
				FF2391E61FAC8D66001D432A /* BeerCapture */,
				FF2391DF1FAC773D001D432A /* Camera */,
				FF2391D91FAC7060001D432A /* Login */,
			);
			path = Features;
			sourceTree = "<group>";
		};
		FF2391D91FAC7060001D432A /* Login */ = {
			isa = PBXGroup;
			children = (
				FF2391BE1FAC5F45001D432A /* LoginController.swift */,
				FF2391DA1FAC7093001D432A /* LoginView.xib */,
			);
			path = Login;
			sourceTree = "<group>";
		};
		FF2391DF1FAC773D001D432A /* Camera */ = {
			isa = PBXGroup;
			children = (
				FF2391E01FAC774C001D432A /* CameraController.swift */,
				FF2391E21FAC7794001D432A /* CameraView.xib */,
			);
			path = Camera;
			sourceTree = "<group>";
		};
		FF2391E61FAC8D66001D432A /* BeerCapture */ = {
			isa = PBXGroup;
			children = (
				FFB7A2881FAD000F003B2FBE /* BeerDetail */,
				FF2391FF1FACA3A2001D432A /* Upload */,
				FF2391FB1FACA371001D432A /* BeerCaptureOverviewController.swift */,
				FF2391FD1FACA38B001D432A /* BeerCaptureOverviewView.xib */,
				FF2392171FACD264001D432A /* BeerSelectCell.swift */,
				FF2392191FACD270001D432A /* BeerSelectCell.xib */,
				FFB7A2821FACFA8C003B2FBE /* BeerResultOverviewController.swift */,
				FFB7A2841FACFCD7003B2FBE /* BeerResultCell.swift */,
				FFB7A2861FACFCE4003B2FBE /* BeerResultCell.xib */,
				FFB7A2E61FADD203003B2FBE /* BeerEmptyController.swift */,
				FFB7A2E41FADD1F6003B2FBE /* BeerEmptyState.xib */,
			);
			path = BeerCapture;
			sourceTree = "<group>";
		};
		FF2391E91FAC9608001D432A /* Settings */ = {
			isa = PBXGroup;
			children = (
				FF2391EA1FAC9617001D432A /* SettingsController.swift */,
				FF2391EC1FAC9633001D432A /* SettingsView.xib */,
			);
			path = Settings;
			sourceTree = "<group>";
		};
		FF2391EE1FAC9965001D432A /* About */ = {
			isa = PBXGroup;
			children = (
				FF2391EF1FAC9970001D432A /* AboutController.swift */,
				FF2391F11FAC9979001D432A /* AboutView.xib */,
				FFB7A2E01FADC99A003B2FBE /* HowToController.swift */,
				FFB7A2E21FADC9A4003B2FBE /* HowToView.xib */,
			);
			path = About;
			sourceTree = "<group>";
		};
		FF2391F31FAC9FA8001D432A /* Sessions */ = {
			isa = PBXGroup;
			children = (
				FF2391F41FAC9FB8001D432A /* SessionsController.swift */,
				C30BB76D1FB73A7D008B2A5D /* SessionCell.xib */,
				C30BB76F1FB73A85008B2A5D /* SessionCell.swift */,
			);
			path = Sessions;
			sourceTree = "<group>";
		};
		FF2391FF1FACA3A2001D432A /* Upload */ = {
			isa = PBXGroup;
			children = (
				FF2391E41FAC8134001D432A /* LoadingController.swift */,
				FF2391E71FAC8D77001D432A /* LoadingView.xib */,
				FF2392001FACA4D5001D432A /* ScanningController.swift */,
				FF2392021FACA4DF001D432A /* ScanningView.xib */,
			);
			path = Upload;
			sourceTree = "<group>";
		};
		FF2392041FACACB4001D432A /* Resources */ = {
			isa = PBXGroup;
			children = (
				FFB7A28D1FAD0ECF003B2FBE /* Loading Skull */,
				FF23921B1FACE480001D432A /* Moving Talking Head */,
				FFE945571FB877BC00CB5BA1 /* beer-menu.jpg */,
				FF2392071FACAF8F001D432A /* Futura.ttc */,
				FF2392101FACC0AB001D432A /* talkinghead-test.json */,
				FF2392051FACACC0001D432A /* Colors.swift */,
				FF2392091FACAF9C001D432A /* Fonts.swift */,
				FF23920E1FACB821001D432A /* ActionButton.swift */,
				FF23926C1FACE4A9001D432A /* AnimationView.swift */,
			);
			path = Resources;
			sourceTree = "<group>";
		};
		FF2392141FACC106001D432A /* Authorization */ = {
			isa = PBXGroup;
			children = (
				FF2392121FACC0F2001D432A /* AuthorizationController.swift */,
				FF2392151FACC11A001D432A /* AuthorizationView.xib */,
			);
			path = Authorization;
			sourceTree = "<group>";
		};
		FF23921B1FACE480001D432A /* Moving Talking Head */ = {
			isa = PBXGroup;
			children = (
				FF23921C1FACE480001D432A /* Moving Talking Head_00013.png */,
				FF23921D1FACE480001D432A /* Moving Talking Head_00007.png */,
				FF23921E1FACE480001D432A /* Moving Talking Head_00006.png */,
				FF23921F1FACE480001D432A /* Moving Talking Head_00012.png */,
				FF2392201FACE480001D432A /* Moving Talking Head_00038.png */,
				FF2392211FACE480001D432A /* Moving Talking Head_00004.png */,
				FF2392221FACE480001D432A /* Moving Talking Head_00010.png */,
				FF2392231FACE480001D432A /* Moving Talking Head_00011.png */,
				FF2392241FACE480001D432A /* Moving Talking Head_00005.png */,
				FF2392251FACE480001D432A /* Moving Talking Head_00039.png */,
				FF2392261FACE480001D432A /* Moving Talking Head_00001.png */,
				FF2392271FACE480001D432A /* Moving Talking Head_00015.png */,
				FF2392281FACE480001D432A /* Moving Talking Head_00029.png */,
				FF2392291FACE480001D432A /* Moving Talking Head_00028.png */,
				FF23922A1FACE480001D432A /* Moving Talking Head_00014.png */,
				FF23922B1FACE480001D432A /* Moving Talking Head_00000.png */,
				FF23922C1FACE480001D432A /* Moving Talking Head_00016.png */,
				FF23922D1FACE480001D432A /* Moving Talking Head_00002.png */,
				FF23922E1FACE480001D432A /* Moving Talking Head_00003.png */,
				FF23922F1FACE480001D432A /* Moving Talking Head_00017.png */,
				FF2392301FACE480001D432A /* Moving Talking Head_00032.png */,
				FF2392311FACE480001D432A /* Moving Talking Head_00026.png */,
				FF2392321FACE480001D432A /* Moving Talking Head_00027.png */,
				FF2392331FACE480001D432A /* Moving Talking Head_00033.png */,
				FF2392341FACE480001D432A /* Moving Talking Head_00019.png */,
				FF2392351FACE480001D432A /* Moving Talking Head_00025.png */,
				FF2392361FACE480001D432A /* Moving Talking Head_00031.png */,
				FF2392371FACE480001D432A /* Moving Talking Head_00030.png */,
				FF2392381FACE480001D432A /* Moving Talking Head_00024.png */,
				FF2392391FACE480001D432A /* Moving Talking Head_00018.png */,
				FF23923A1FACE480001D432A /* Moving Talking Head_00020.png */,
				FF23923B1FACE480001D432A /* Moving Talking Head_00034.png */,
				FF23923C1FACE480001D432A /* Moving Talking Head_00008.png */,
				FF23923D1FACE480001D432A /* Moving Talking Head_00009.png */,
				FF23923E1FACE480001D432A /* Moving Talking Head_00035.png */,
				FF23923F1FACE480001D432A /* Moving Talking Head_00021.png */,
				FF2392401FACE480001D432A /* Moving Talking Head_00037.png */,
				FF2392411FACE480001D432A /* Moving Talking Head_00023.png */,
				FF2392421FACE480001D432A /* Moving Talking Head_00022.png */,
				FF2392431FACE480001D432A /* Moving Talking Head_00036.png */,
			);
			path = "Moving Talking Head";
			sourceTree = "<group>";
		};
		FF4B910B1FADDBFE00C8375C /* Error */ = {
			isa = PBXGroup;
			children = (
				FF4B910C1FADDC0A00C8375C /* ErrorController.swift */,
				FF4B910E1FADDC2200C8375C /* ErrorView.xib */,
			);
			path = Error;
			sourceTree = "<group>";
		};
		FFB7A2881FAD000F003B2FBE /* BeerDetail */ = {
			isa = PBXGroup;
			children = (
				FFB7A2891FAD002F003B2FBE /* BeerDetailView.xib */,
				FFB7A28B1FAD0041003B2FBE /* BeerDetailController.swift */,
			);
			path = BeerDetail;
			sourceTree = "<group>";
		};
		FFB7A28D1FAD0ECF003B2FBE /* Loading Skull */ = {
			isa = PBXGroup;
			children = (
				FFB7A28E1FAD0ECF003B2FBE /* Loading Skull_00009.png */,
				FFB7A28F1FAD0ECF003B2FBE /* Loading Skull_00035.png */,
				FFB7A2901FAD0ECF003B2FBE /* Loading Skull_00021.png */,
				FFB7A2911FAD0ECF003B2FBE /* Loading Skull_00020.png */,
				FFB7A2921FAD0ECF003B2FBE /* Loading Skull_00034.png */,
				FFB7A2931FAD0ECF003B2FBE /* Loading Skull_00008.png */,
				FFB7A2941FAD0ECF003B2FBE /* Loading Skull_00022.png */,
				FFB7A2951FAD0ECF003B2FBE /* Loading Skull_00036.png */,
				FFB7A2961FAD0ECF003B2FBE /* Loading Skull_00037.png */,
				FFB7A2971FAD0ECF003B2FBE /* Loading Skull_00023.png */,
				FFB7A2981FAD0ECF003B2FBE /* Loading Skull_00027.png */,
				FFB7A2991FAD0ECF003B2FBE /* Loading Skull_00033.png */,
				FFB7A29A1FAD0ECF003B2FBE /* Loading Skull_00032.png */,
				FFB7A29B1FAD0ECF003B2FBE /* Loading Skull_00026.png */,
				FFB7A29C1FAD0ECF003B2FBE /* Loading Skull_00030.png */,
				FFB7A29D1FAD0ECF003B2FBE /* Loading Skull_00024.png */,
				FFB7A29E1FAD0ECF003B2FBE /* Loading Skull_00018.png */,
				FFB7A29F1FAD0ECF003B2FBE /* Loading Skull_00019.png */,
				FFB7A2A01FAD0ECF003B2FBE /* Loading Skull_00025.png */,
				FFB7A2A11FAD0ECF003B2FBE /* Loading Skull_00031.png */,
				FFB7A2A21FAD0ECF003B2FBE /* Loading Skull_00028.png */,
				FFB7A2A31FAD0ECF003B2FBE /* Loading Skull_00014.png */,
				FFB7A2A41FAD0ECF003B2FBE /* Loading Skull_00000.png */,
				FFB7A2A51FAD0ECF003B2FBE /* Loading Skull_00001.png */,
				FFB7A2A61FAD0ECF003B2FBE /* Loading Skull_00015.png */,
				FFB7A2A71FAD0ECF003B2FBE /* Loading Skull_00029.png */,
				FFB7A2A81FAD0ECF003B2FBE /* Loading Skull_00003.png */,
				FFB7A2A91FAD0ECF003B2FBE /* Loading Skull_00017.png */,
				FFB7A2AA1FAD0ECF003B2FBE /* Loading Skull_00016.png */,
				FFB7A2AB1FAD0ECF003B2FBE /* Loading Skull_00002.png */,
				FFB7A2AC1FAD0ECF003B2FBE /* Loading Skull_00006.png */,
				FFB7A2AD1FAD0ECF003B2FBE /* Loading Skull_00012.png */,
				FFB7A2AE1FAD0ECF003B2FBE /* Loading Skull_00013.png */,
				FFB7A2AF1FAD0ECF003B2FBE /* Loading Skull_00007.png */,
				FFB7A2B01FAD0ECF003B2FBE /* Loading Skull_00011.png */,
				FFB7A2B11FAD0ECF003B2FBE /* Loading Skull_00005.png */,
				FFB7A2B21FAD0ECF003B2FBE /* Loading Skull_00039.png */,
				FFB7A2B31FAD0ECF003B2FBE /* Loading Skull_00038.png */,
				FFB7A2B41FAD0ECF003B2FBE /* Loading Skull_00004.png */,
				FFB7A2B51FAD0ECF003B2FBE /* Loading Skull_00010.png */,
			);
			path = "Loading Skull";
			sourceTree = "<group>";
		};
/* End PBXGroup section */

/* Begin PBXNativeTarget section */
		FF2391B81FAC5F45001D432A /* Uncheckd */ = {
			isa = PBXNativeTarget;
			buildConfigurationList = FF2391CE1FAC5F45001D432A /* Build configuration list for PBXNativeTarget "Uncheckd" */;
			buildPhases = (
				A84FA98D8FC0184172B3B5BD /* [CP] Check Pods Manifest.lock */,
				FF23920B1FACB12B001D432A /* ShellScript */,
				FF2391B51FAC5F45001D432A /* Sources */,
				FF2391B61FAC5F45001D432A /* Frameworks */,
				FF2391B71FAC5F45001D432A /* Resources */,
				F56D29D2A04BFEFFA869475C /* [CP] Embed Pods Frameworks */,
				167CBBF902AB19B4626A442F /* [CP] Copy Pods Resources */,
				FF4B91101FAE070500C8375C /* ShellScript */,
			);
			buildRules = (
			);
			dependencies = (
			);
			name = Uncheckd;
			productName = BeerGoggles;
			productReference = FF2391B91FAC5F45001D432A /* Uncheckd.app */;
			productType = "com.apple.product-type.application";
		};
/* End PBXNativeTarget section */

/* Begin PBXProject section */
		FF2391B11FAC5F45001D432A /* Project object */ = {
			isa = PBXProject;
			attributes = {
				LastSwiftUpdateCheck = 0910;
				LastUpgradeCheck = 0910;
				ORGANIZATIONNAME = "Tomas Harkema";
				TargetAttributes = {
					FF2391B81FAC5F45001D432A = {
						CreatedOnToolsVersion = 9.1;
						ProvisioningStyle = Automatic;
					};
				};
			};
			buildConfigurationList = FF2391B41FAC5F45001D432A /* Build configuration list for PBXProject "BeerGoggles" */;
			compatibilityVersion = "Xcode 8.0";
			developmentRegion = en;
			hasScannedForEncodings = 0;
			knownRegions = (
				en,
				Base,
			);
			mainGroup = FF2391B01FAC5F45001D432A;
			productRefGroup = FF2391BA1FAC5F45001D432A /* Products */;
			projectDirPath = "";
			projectRoot = "";
			targets = (
				FF2391B81FAC5F45001D432A /* Uncheckd */,
			);
		};
/* End PBXProject section */

/* Begin PBXResourcesBuildPhase section */
		FF2391B71FAC5F45001D432A /* Resources */ = {
			isa = PBXResourcesBuildPhase;
			buildActionMask = 2147483647;
			files = (
				FF23924C1FACE481001D432A /* Moving Talking Head_00005.png in Resources */,
				FFB7A2871FACFCE4003B2FBE /* BeerResultCell.xib in Resources */,
				FFB7A2D11FAD0ECF003B2FBE /* Loading Skull_00017.png in Resources */,
				FFB7A2D41FAD0ECF003B2FBE /* Loading Skull_00006.png in Resources */,
				FF2392511FACE481001D432A /* Moving Talking Head_00028.png in Resources */,
				FFB7A2D51FAD0ECF003B2FBE /* Loading Skull_00012.png in Resources */,
				FFB7A2CD1FAD0ECF003B2FBE /* Loading Skull_00001.png in Resources */,
				FFB7A2DA1FAD0ECF003B2FBE /* Loading Skull_00039.png in Resources */,
				FFB7A2D61FAD0ECF003B2FBE /* Loading Skull_00013.png in Resources */,
				FF23925D1FACE481001D432A /* Moving Talking Head_00025.png in Resources */,
				FF23925A1FACE481001D432A /* Moving Talking Head_00027.png in Resources */,
				FF2392631FACE481001D432A /* Moving Talking Head_00034.png in Resources */,
				FFB7A2C71FAD0ECF003B2FBE /* Loading Skull_00019.png in Resources */,
				FFB7A28A1FAD002F003B2FBE /* BeerDetailView.xib in Resources */,
				FF2392471FACE481001D432A /* Moving Talking Head_00012.png in Resources */,
				FFB7A2C51FAD0ECF003B2FBE /* Loading Skull_00024.png in Resources */,
				FFB7A2C41FAD0ECF003B2FBE /* Loading Skull_00030.png in Resources */,
				FF23926A1FACE481001D432A /* Moving Talking Head_00022.png in Resources */,
				FF2392581FACE481001D432A /* Moving Talking Head_00032.png in Resources */,
				FF2391FE1FACA38B001D432A /* BeerCaptureOverviewView.xib in Resources */,
				FFB7A2D81FAD0ECF003B2FBE /* Loading Skull_00011.png in Resources */,
				FFB7A2BD1FAD0ECF003B2FBE /* Loading Skull_00036.png in Resources */,
				FF2392461FACE481001D432A /* Moving Talking Head_00006.png in Resources */,
				FF2392671FACE481001D432A /* Moving Talking Head_00021.png in Resources */,
				FF2392561FACE481001D432A /* Moving Talking Head_00003.png in Resources */,
				FF2392451FACE481001D432A /* Moving Talking Head_00007.png in Resources */,
				FF2392681FACE481001D432A /* Moving Talking Head_00037.png in Resources */,
				FF2392161FACC11A001D432A /* AuthorizationView.xib in Resources */,
				FFB7A2D71FAD0ECF003B2FBE /* Loading Skull_00007.png in Resources */,
				FF2392611FACE481001D432A /* Moving Talking Head_00018.png in Resources */,
				FF23924D1FACE481001D432A /* Moving Talking Head_00039.png in Resources */,
				FFB7A2C61FAD0ECF003B2FBE /* Loading Skull_00018.png in Resources */,
				FF2392521FACE481001D432A /* Moving Talking Head_00014.png in Resources */,
				FF2392111FACC0AB001D432A /* talkinghead-test.json in Resources */,
				FFB7A2DD1FAD0ECF003B2FBE /* Loading Skull_00010.png in Resources */,
				FF2391CA1FAC5F45001D432A /* LaunchScreen.storyboard in Resources */,
				FFB7A2BC1FAD0ECF003B2FBE /* Loading Skull_00022.png in Resources */,
				FF2392541FACE481001D432A /* Moving Talking Head_00016.png in Resources */,
				FF2392551FACE481001D432A /* Moving Talking Head_00002.png in Resources */,
				FF2392651FACE481001D432A /* Moving Talking Head_00009.png in Resources */,
				FFB7A2C31FAD0ECF003B2FBE /* Loading Skull_00026.png in Resources */,
				FF2392641FACE481001D432A /* Moving Talking Head_00008.png in Resources */,
				FFB7A2BE1FAD0ECF003B2FBE /* Loading Skull_00037.png in Resources */,
				FF2391F21FAC9979001D432A /* AboutView.xib in Resources */,
				FF2392481FACE481001D432A /* Moving Talking Head_00038.png in Resources */,
				FF2391E81FAC8D77001D432A /* LoadingView.xib in Resources */,
				FFB7A2C91FAD0ECF003B2FBE /* Loading Skull_00031.png in Resources */,
				FFB7A2B81FAD0ECF003B2FBE /* Loading Skull_00021.png in Resources */,
				FF23926B1FACE481001D432A /* Moving Talking Head_00036.png in Resources */,
				FF23924F1FACE481001D432A /* Moving Talking Head_00015.png in Resources */,
				FFB7A2B71FAD0ECF003B2FBE /* Loading Skull_00035.png in Resources */,
				FF23925B1FACE481001D432A /* Moving Talking Head_00033.png in Resources */,
				FFB7A2C01FAD0ECF003B2FBE /* Loading Skull_00027.png in Resources */,
				FF2391C71FAC5F45001D432A /* Assets.xcassets in Resources */,
				FF2391ED1FAC9633001D432A /* SettingsView.xib in Resources */,
				FF23924B1FACE481001D432A /* Moving Talking Head_00011.png in Resources */,
				FFB7A2BF1FAD0ECF003B2FBE /* Loading Skull_00023.png in Resources */,
				FF2392691FACE481001D432A /* Moving Talking Head_00023.png in Resources */,
				FF2392531FACE481001D432A /* Moving Talking Head_00000.png in Resources */,
				FF2392571FACE481001D432A /* Moving Talking Head_00017.png in Resources */,
				FFB7A2CC1FAD0ECF003B2FBE /* Loading Skull_00000.png in Resources */,
				FFE945581FB877BD00CB5BA1 /* beer-menu.jpg in Resources */,
				FF23924E1FACE481001D432A /* Moving Talking Head_00001.png in Resources */,
				FF2391DB1FAC7093001D432A /* LoginView.xib in Resources */,
				FF2392501FACE481001D432A /* Moving Talking Head_00029.png in Resources */,
				FFB7A2CA1FAD0ECF003B2FBE /* Loading Skull_00028.png in Resources */,
				FFB7A2DC1FAD0ECF003B2FBE /* Loading Skull_00004.png in Resources */,
				FFB7A2B91FAD0ECF003B2FBE /* Loading Skull_00020.png in Resources */,
				FF2392601FACE481001D432A /* Moving Talking Head_00024.png in Resources */,
				FF2392621FACE481001D432A /* Moving Talking Head_00020.png in Resources */,
				FFB7A2D91FAD0ECF003B2FBE /* Loading Skull_00005.png in Resources */,
				FFB7A2C11FAD0ECF003B2FBE /* Loading Skull_00033.png in Resources */,
				C30BB76E1FB73A7D008B2A5D /* SessionCell.xib in Resources */,
				FF2392081FACAF8F001D432A /* Futura.ttc in Resources */,
				FFB7A2D31FAD0ECF003B2FBE /* Loading Skull_00002.png in Resources */,
				FF2392661FACE481001D432A /* Moving Talking Head_00035.png in Resources */,
				FF23925F1FACE481001D432A /* Moving Talking Head_00030.png in Resources */,
				FFB7A2CF1FAD0ECF003B2FBE /* Loading Skull_00029.png in Resources */,
				FFB7A2CE1FAD0ECF003B2FBE /* Loading Skull_00015.png in Resources */,
				FF4B910F1FADDC2200C8375C /* ErrorView.xib in Resources */,
				FFB7A2BA1FAD0ECF003B2FBE /* Loading Skull_00034.png in Resources */,
				FF23924A1FACE481001D432A /* Moving Talking Head_00010.png in Resources */,
				FFB7A2CB1FAD0ECF003B2FBE /* Loading Skull_00014.png in Resources */,
				FFB7A2D01FAD0ECF003B2FBE /* Loading Skull_00003.png in Resources */,
				FFB7A2E31FADC9A4003B2FBE /* HowToView.xib in Resources */,
				FFB7A2BB1FAD0ECF003B2FBE /* Loading Skull_00008.png in Resources */,
				FFB7A2B61FAD0ECF003B2FBE /* Loading Skull_00009.png in Resources */,
				FF23925E1FACE481001D432A /* Moving Talking Head_00031.png in Resources */,
				FF23925C1FACE481001D432A /* Moving Talking Head_00019.png in Resources */,
				FF2392491FACE481001D432A /* Moving Talking Head_00004.png in Resources */,
				FF23921A1FACD270001D432A /* BeerSelectCell.xib in Resources */,
				FF2392441FACE481001D432A /* Moving Talking Head_00013.png in Resources */,
				FF2391E31FAC7794001D432A /* CameraView.xib in Resources */,
				FFB7A2E51FADD1F6003B2FBE /* BeerEmptyState.xib in Resources */,
				FFB7A2D21FAD0ECF003B2FBE /* Loading Skull_00016.png in Resources */,
				FFB7A2DB1FAD0ECF003B2FBE /* Loading Skull_00038.png in Resources */,
				FF2392031FACA4DF001D432A /* ScanningView.xib in Resources */,
				FFB7A2C21FAD0ECF003B2FBE /* Loading Skull_00032.png in Resources */,
				FF2392591FACE481001D432A /* Moving Talking Head_00026.png in Resources */,
				FFB7A2C81FAD0ECF003B2FBE /* Loading Skull_00025.png in Resources */,
			);
			runOnlyForDeploymentPostprocessing = 0;
		};
/* End PBXResourcesBuildPhase section */

/* Begin PBXShellScriptBuildPhase section */
		167CBBF902AB19B4626A442F /* [CP] Copy Pods Resources */ = {
			isa = PBXShellScriptBuildPhase;
			buildActionMask = 2147483647;
			files = (
			);
			inputPaths = (
			);
			name = "[CP] Copy Pods Resources";
			outputPaths = (
			);
			runOnlyForDeploymentPostprocessing = 0;
			shellPath = /bin/sh;
			shellScript = "\"${SRCROOT}/Pods/Target Support Files/Pods-Uncheckd/Pods-Uncheckd-resources.sh\"\n";
			showEnvVarsInLog = 0;
		};
		A84FA98D8FC0184172B3B5BD /* [CP] Check Pods Manifest.lock */ = {
			isa = PBXShellScriptBuildPhase;
			buildActionMask = 2147483647;
			files = (
			);
			inputPaths = (
				"${PODS_PODFILE_DIR_PATH}/Podfile.lock",
				"${PODS_ROOT}/Manifest.lock",
			);
			name = "[CP] Check Pods Manifest.lock";
			outputPaths = (
				"$(DERIVED_FILE_DIR)/Pods-Uncheckd-checkManifestLockResult.txt",
			);
			runOnlyForDeploymentPostprocessing = 0;
			shellPath = /bin/sh;
			shellScript = "diff \"${PODS_PODFILE_DIR_PATH}/Podfile.lock\" \"${PODS_ROOT}/Manifest.lock\" > /dev/null\nif [ $? != 0 ] ; then\n    # print error to STDERR\n    echo \"error: The sandbox is not in sync with the Podfile.lock. Run 'pod install' or update your CocoaPods installation.\" >&2\n    exit 1\nfi\n# This output is used by Xcode 'outputs' to avoid re-running this script phase.\necho \"SUCCESS\" > \"${SCRIPT_OUTPUT_FILE_0}\"\n";
			showEnvVarsInLog = 0;
		};
		F56D29D2A04BFEFFA869475C /* [CP] Embed Pods Frameworks */ = {
			isa = PBXShellScriptBuildPhase;
			buildActionMask = 2147483647;
			files = (
			);
			inputPaths = (
				"${SRCROOT}/Pods/Target Support Files/Pods-Uncheckd/Pods-Uncheckd-frameworks.sh",
				"${BUILT_PRODUCTS_DIR}/CancellationToken/CancellationToken.framework",
				"${BUILT_PRODUCTS_DIR}/Promissum/Promissum.framework",
				"${BUILT_PRODUCTS_DIR}/R.swift.Library/Rswift.framework",
				"${BUILT_PRODUCTS_DIR}/Valet/Valet.framework",
			);
			name = "[CP] Embed Pods Frameworks";
			outputPaths = (
				"${TARGET_BUILD_DIR}/${FRAMEWORKS_FOLDER_PATH}/CancellationToken.framework",
				"${TARGET_BUILD_DIR}/${FRAMEWORKS_FOLDER_PATH}/Promissum.framework",
				"${TARGET_BUILD_DIR}/${FRAMEWORKS_FOLDER_PATH}/Rswift.framework",
				"${TARGET_BUILD_DIR}/${FRAMEWORKS_FOLDER_PATH}/Valet.framework",
			);
			runOnlyForDeploymentPostprocessing = 0;
			shellPath = /bin/sh;
			shellScript = "\"${SRCROOT}/Pods/Target Support Files/Pods-Uncheckd/Pods-Uncheckd-frameworks.sh\"\n";
			showEnvVarsInLog = 0;
		};
		FF23920B1FACB12B001D432A /* ShellScript */ = {
			isa = PBXShellScriptBuildPhase;
			buildActionMask = 2147483647;
			files = (
			);
			inputPaths = (
			);
			outputPaths = (
			);
			runOnlyForDeploymentPostprocessing = 0;
			shellPath = /bin/sh;
			shellScript = "\"$PODS_ROOT/R.swift/rswift\" generate \"$SRCROOT/BeerGoggles\"";
		};
		FF4B91101FAE070500C8375C /* ShellScript */ = {
			isa = PBXShellScriptBuildPhase;
			buildActionMask = 2147483647;
			files = (
			);
			inputPaths = (
			);
			outputPaths = (
			);
			runOnlyForDeploymentPostprocessing = 0;
			shellPath = /bin/sh;
			shellScript = "\"${PODS_ROOT}/Fabric/run\" 39565fffe91dd9abead537ef9886a02d5eeda9f2 5f9ba409bf7477095401c810a6ede9e0f8bd5811ff77bf61d4696f372fe5dbdb";
		};
/* End PBXShellScriptBuildPhase section */

/* Begin PBXSourcesBuildPhase section */
		FF2391B51FAC5F45001D432A /* Sources */ = {
			isa = PBXSourcesBuildPhase;
			buildActionMask = 2147483647;
			files = (
				FF23920A1FACAF9C001D432A /* Fonts.swift in Sources */,
				FFB7A2851FACFCD7003B2FBE /* BeerResultCell.swift in Sources */,
				FF2391EB1FAC9617001D432A /* SettingsController.swift in Sources */,
				FF33FEF91FB4F8E900C322F8 /* BeerResultCoordinator.swift in Sources */,
				FF33FEF71FB4F4BA00C322F8 /* App.swift in Sources */,
				FF2392061FACACC0001D432A /* Colors.swift in Sources */,
				FF2391F01FAC9970001D432A /* AboutController.swift in Sources */,
				C30BB76C1FB72674008B2A5D /* AuthenticationService.swift in Sources */,
				FF2392011FACA4D5001D432A /* ScanningController.swift in Sources */,
				FFB7A2DF1FAD304F003B2FBE /* DatabaseService.swift in Sources */,
				FFB7A2E11FADC99A003B2FBE /* HowToController.swift in Sources */,
				FF2392181FACD264001D432A /* BeerSelectCell.swift in Sources */,
				FF23920F1FACB821001D432A /* ActionButton.swift in Sources */,
				FF2391D51FAC6278001D432A /* Model.swift in Sources */,
				FFB7A2E71FADD203003B2FBE /* BeerEmptyController.swift in Sources */,
				FF2392131FACC0F2001D432A /* AuthorizationController.swift in Sources */,
				C30BB7701FB73A85008B2A5D /* SessionCell.swift in Sources */,
				FFB7A28C1FAD0041003B2FBE /* BeerDetailController.swift in Sources */,
				FF2391E51FAC8134001D432A /* LoadingController.swift in Sources */,
				C30BB7721FB73E4D008B2A5D /* Date.swift in Sources */,
				FF2391C51FAC5F45001D432A /* BeerGoggles.xcdatamodeld in Sources */,
				FF33FEF51FB4F07D00C322F8 /* ImageService.swift in Sources */,
				FF23920D1FACB185001D432A /* R.generated.swift in Sources */,
				FF2391E11FAC774C001D432A /* CameraController.swift in Sources */,
				FF2391F51FAC9FB8001D432A /* SessionsController.swift in Sources */,
				FF2391FC1FACA371001D432A /* BeerCaptureOverviewController.swift in Sources */,
				FF2391D71FAC7026001D432A /* TabController.swift in Sources */,
				FF2391BF1FAC5F45001D432A /* LoginController.swift in Sources */,
				FF2391D31FAC60D8001D432A /* ApiService.swift in Sources */,
				FFB7A2831FACFA8C003B2FBE /* BeerResultOverviewController.swift in Sources */,
				FF2391BD1FAC5F45001D432A /* AppDelegate.swift in Sources */,
				FF4B910D1FADDC0A00C8375C /* ErrorController.swift in Sources */,
				FF23926D1FACE4A9001D432A /* AnimationView.swift in Sources */,
			);
			runOnlyForDeploymentPostprocessing = 0;
		};
/* End PBXSourcesBuildPhase section */

/* Begin PBXVariantGroup section */
		FF2391C81FAC5F45001D432A /* LaunchScreen.storyboard */ = {
			isa = PBXVariantGroup;
			children = (
				FF2391C91FAC5F45001D432A /* Base */,
			);
			name = LaunchScreen.storyboard;
			sourceTree = "<group>";
		};
/* End PBXVariantGroup section */

/* Begin XCBuildConfiguration section */
		FF2391CC1FAC5F45001D432A /* Debug */ = {
			isa = XCBuildConfiguration;
			buildSettings = {
				ALWAYS_SEARCH_USER_PATHS = NO;
				CLANG_ANALYZER_NONNULL = YES;
				CLANG_ANALYZER_NUMBER_OBJECT_CONVERSION = YES_AGGRESSIVE;
				CLANG_CXX_LANGUAGE_STANDARD = "gnu++14";
				CLANG_CXX_LIBRARY = "libc++";
				CLANG_ENABLE_MODULES = YES;
				CLANG_ENABLE_OBJC_ARC = YES;
				CLANG_WARN_BLOCK_CAPTURE_AUTORELEASING = YES;
				CLANG_WARN_BOOL_CONVERSION = YES;
				CLANG_WARN_COMMA = YES;
				CLANG_WARN_CONSTANT_CONVERSION = YES;
				CLANG_WARN_DIRECT_OBJC_ISA_USAGE = YES_ERROR;
				CLANG_WARN_DOCUMENTATION_COMMENTS = YES;
				CLANG_WARN_EMPTY_BODY = YES;
				CLANG_WARN_ENUM_CONVERSION = YES;
				CLANG_WARN_INFINITE_RECURSION = YES;
				CLANG_WARN_INT_CONVERSION = YES;
				CLANG_WARN_NON_LITERAL_NULL_CONVERSION = YES;
				CLANG_WARN_OBJC_LITERAL_CONVERSION = YES;
				CLANG_WARN_OBJC_ROOT_CLASS = YES_ERROR;
				CLANG_WARN_RANGE_LOOP_ANALYSIS = YES;
				CLANG_WARN_STRICT_PROTOTYPES = YES;
				CLANG_WARN_SUSPICIOUS_MOVE = YES;
				CLANG_WARN_UNGUARDED_AVAILABILITY = YES_AGGRESSIVE;
				CLANG_WARN_UNREACHABLE_CODE = YES;
				CLANG_WARN__DUPLICATE_METHOD_MATCH = YES;
				CODE_SIGN_IDENTITY = "iPhone Developer";
				COPY_PHASE_STRIP = NO;
				DEBUG_INFORMATION_FORMAT = dwarf;
				ENABLE_STRICT_OBJC_MSGSEND = YES;
				ENABLE_TESTABILITY = YES;
				GCC_C_LANGUAGE_STANDARD = gnu11;
				GCC_DYNAMIC_NO_PIC = NO;
				GCC_NO_COMMON_BLOCKS = YES;
				GCC_OPTIMIZATION_LEVEL = 0;
				GCC_PREPROCESSOR_DEFINITIONS = (
					"DEBUG=1",
					"$(inherited)",
				);
				GCC_WARN_64_TO_32_BIT_CONVERSION = YES;
				GCC_WARN_ABOUT_RETURN_TYPE = YES_ERROR;
				GCC_WARN_UNDECLARED_SELECTOR = YES;
				GCC_WARN_UNINITIALIZED_AUTOS = YES_AGGRESSIVE;
				GCC_WARN_UNUSED_FUNCTION = YES;
				GCC_WARN_UNUSED_VARIABLE = YES;
				IPHONEOS_DEPLOYMENT_TARGET = 11.1;
				MTL_ENABLE_DEBUG_INFO = YES;
				ONLY_ACTIVE_ARCH = YES;
				SDKROOT = iphoneos;
				SWIFT_ACTIVE_COMPILATION_CONDITIONS = DEBUG;
				SWIFT_OPTIMIZATION_LEVEL = "-Onone";
			};
			name = Debug;
		};
		FF2391CD1FAC5F45001D432A /* Release */ = {
			isa = XCBuildConfiguration;
			buildSettings = {
				ALWAYS_SEARCH_USER_PATHS = NO;
				CLANG_ANALYZER_NONNULL = YES;
				CLANG_ANALYZER_NUMBER_OBJECT_CONVERSION = YES_AGGRESSIVE;
				CLANG_CXX_LANGUAGE_STANDARD = "gnu++14";
				CLANG_CXX_LIBRARY = "libc++";
				CLANG_ENABLE_MODULES = YES;
				CLANG_ENABLE_OBJC_ARC = YES;
				CLANG_WARN_BLOCK_CAPTURE_AUTORELEASING = YES;
				CLANG_WARN_BOOL_CONVERSION = YES;
				CLANG_WARN_COMMA = YES;
				CLANG_WARN_CONSTANT_CONVERSION = YES;
				CLANG_WARN_DIRECT_OBJC_ISA_USAGE = YES_ERROR;
				CLANG_WARN_DOCUMENTATION_COMMENTS = YES;
				CLANG_WARN_EMPTY_BODY = YES;
				CLANG_WARN_ENUM_CONVERSION = YES;
				CLANG_WARN_INFINITE_RECURSION = YES;
				CLANG_WARN_INT_CONVERSION = YES;
				CLANG_WARN_NON_LITERAL_NULL_CONVERSION = YES;
				CLANG_WARN_OBJC_LITERAL_CONVERSION = YES;
				CLANG_WARN_OBJC_ROOT_CLASS = YES_ERROR;
				CLANG_WARN_RANGE_LOOP_ANALYSIS = YES;
				CLANG_WARN_STRICT_PROTOTYPES = YES;
				CLANG_WARN_SUSPICIOUS_MOVE = YES;
				CLANG_WARN_UNGUARDED_AVAILABILITY = YES_AGGRESSIVE;
				CLANG_WARN_UNREACHABLE_CODE = YES;
				CLANG_WARN__DUPLICATE_METHOD_MATCH = YES;
				CODE_SIGN_IDENTITY = "iPhone Developer";
				COPY_PHASE_STRIP = NO;
				DEBUG_INFORMATION_FORMAT = "dwarf-with-dsym";
				ENABLE_NS_ASSERTIONS = NO;
				ENABLE_STRICT_OBJC_MSGSEND = YES;
				GCC_C_LANGUAGE_STANDARD = gnu11;
				GCC_NO_COMMON_BLOCKS = YES;
				GCC_WARN_64_TO_32_BIT_CONVERSION = YES;
				GCC_WARN_ABOUT_RETURN_TYPE = YES_ERROR;
				GCC_WARN_UNDECLARED_SELECTOR = YES;
				GCC_WARN_UNINITIALIZED_AUTOS = YES_AGGRESSIVE;
				GCC_WARN_UNUSED_FUNCTION = YES;
				GCC_WARN_UNUSED_VARIABLE = YES;
				IPHONEOS_DEPLOYMENT_TARGET = 11.1;
				MTL_ENABLE_DEBUG_INFO = NO;
				SDKROOT = iphoneos;
				SWIFT_OPTIMIZATION_LEVEL = "-Owholemodule";
				VALIDATE_PRODUCT = YES;
			};
			name = Release;
		};
		FF2391CF1FAC5F45001D432A /* Debug */ = {
			isa = XCBuildConfiguration;
			baseConfigurationReference = 7F5F20C7CB9F8A37428D9DBC /* Pods-Uncheckd.debug.xcconfig */;
			buildSettings = {
				ASSETCATALOG_COMPILER_APPICON_NAME = AppIcon;
				CODE_SIGN_STYLE = Automatic;
				DEVELOPMENT_TEAM = 8J6VSUTQNX;
				ENABLE_BITCODE = NO;
				INFOPLIST_FILE = BeerGoggles/Info.plist;
				IPHONEOS_DEPLOYMENT_TARGET = 11.0;
				LD_RUNPATH_SEARCH_PATHS = "$(inherited) @executable_path/Frameworks";
				PRODUCT_BUNDLE_IDENTIFIER = nl.q42.uncheckd;
				PRODUCT_NAME = "$(TARGET_NAME)";
				SWIFT_VERSION = 4.0;
				TARGETED_DEVICE_FAMILY = 1;
			};
			name = Debug;
		};
		FF2391D01FAC5F45001D432A /* Release */ = {
			isa = XCBuildConfiguration;
			baseConfigurationReference = BB03DBA658D5AC91AE70EFFB /* Pods-Uncheckd.release.xcconfig */;
			buildSettings = {
				ASSETCATALOG_COMPILER_APPICON_NAME = AppIcon;
				CODE_SIGN_STYLE = Automatic;
				DEVELOPMENT_TEAM = 8J6VSUTQNX;
				ENABLE_BITCODE = NO;
				INFOPLIST_FILE = BeerGoggles/Info.plist;
				IPHONEOS_DEPLOYMENT_TARGET = 11.0;
				LD_RUNPATH_SEARCH_PATHS = "$(inherited) @executable_path/Frameworks";
				PRODUCT_BUNDLE_IDENTIFIER = nl.q42.uncheckd;
				PRODUCT_NAME = "$(TARGET_NAME)";
				SWIFT_VERSION = 4.0;
				TARGETED_DEVICE_FAMILY = 1;
			};
			name = Release;
		};
/* End XCBuildConfiguration section */

/* Begin XCConfigurationList section */
		FF2391B41FAC5F45001D432A /* Build configuration list for PBXProject "BeerGoggles" */ = {
			isa = XCConfigurationList;
			buildConfigurations = (
				FF2391CC1FAC5F45001D432A /* Debug */,
				FF2391CD1FAC5F45001D432A /* Release */,
			);
			defaultConfigurationIsVisible = 0;
			defaultConfigurationName = Release;
		};
		FF2391CE1FAC5F45001D432A /* Build configuration list for PBXNativeTarget "Uncheckd" */ = {
			isa = XCConfigurationList;
			buildConfigurations = (
				FF2391CF1FAC5F45001D432A /* Debug */,
				FF2391D01FAC5F45001D432A /* Release */,
			);
			defaultConfigurationIsVisible = 0;
			defaultConfigurationName = Release;
		};
/* End XCConfigurationList section */

/* Begin XCVersionGroup section */
		FF2391C31FAC5F45001D432A /* BeerGoggles.xcdatamodeld */ = {
			isa = XCVersionGroup;
			children = (
				FF2391C41FAC5F45001D432A /* BeerGoggles.xcdatamodel */,
			);
			currentVersion = FF2391C41FAC5F45001D432A /* BeerGoggles.xcdatamodel */;
			path = BeerGoggles.xcdatamodeld;
			sourceTree = "<group>";
			versionGroupType = wrapper.xcdatamodel;
		};
/* End XCVersionGroup section */
	};
	rootObject = FF2391B11FAC5F45001D432A /* Project object */;
}
