// !$*UTF8*$!
{
	archiveVersion = 1;
	classes = {
	};
	objectVersion = 48;
	objects = {

/* Begin PBXBuildFile section */
		3B2A6BE18069C3DC38C46021 /* Pods_BeerGoggles.framework in Frameworks */ = {isa = PBXBuildFile; fileRef = 78E8A70B3DC701D86292AD04 /* Pods_BeerGoggles.framework */; };
		FF2391BD1FAC5F45001D432A /* AppDelegate.swift in Sources */ = {isa = PBXBuildFile; fileRef = FF2391BC1FAC5F45001D432A /* AppDelegate.swift */; };
		FF2391BF1FAC5F45001D432A /* LoginController.swift in Sources */ = {isa = PBXBuildFile; fileRef = FF2391BE1FAC5F45001D432A /* LoginController.swift */; };
		FF2391C51FAC5F45001D432A /* BeerGoggles.xcdatamodeld in Sources */ = {isa = PBXBuildFile; fileRef = FF2391C31FAC5F45001D432A /* BeerGoggles.xcdatamodeld */; };
		FF2391C71FAC5F45001D432A /* Assets.xcassets in Resources */ = {isa = PBXBuildFile; fileRef = FF2391C61FAC5F45001D432A /* Assets.xcassets */; };
		FF2391CA1FAC5F45001D432A /* LaunchScreen.storyboard in Resources */ = {isa = PBXBuildFile; fileRef = FF2391C81FAC5F45001D432A /* LaunchScreen.storyboard */; };
		FF2391D31FAC60D8001D432A /* ApiService.swift in Sources */ = {isa = PBXBuildFile; fileRef = FF2391D21FAC60D8001D432A /* ApiService.swift */; };
		FF2391D51FAC6278001D432A /* Model.swift in Sources */ = {isa = PBXBuildFile; fileRef = FF2391D41FAC6278001D432A /* Model.swift */; };
		FF2391D71FAC7026001D432A /* HomeController.swift in Sources */ = {isa = PBXBuildFile; fileRef = FF2391D61FAC7026001D432A /* HomeController.swift */; };
		FF2391DB1FAC7093001D432A /* LoginView.xib in Resources */ = {isa = PBXBuildFile; fileRef = FF2391DA1FAC7093001D432A /* LoginView.xib */; };
		FF2391E11FAC774C001D432A /* CameraController.swift in Sources */ = {isa = PBXBuildFile; fileRef = FF2391E01FAC774C001D432A /* CameraController.swift */; };
		FF2391E31FAC7794001D432A /* CameraView.xib in Resources */ = {isa = PBXBuildFile; fileRef = FF2391E21FAC7794001D432A /* CameraView.xib */; };
		FF2391E51FAC8134001D432A /* PhotoUploadController.swift in Sources */ = {isa = PBXBuildFile; fileRef = FF2391E41FAC8134001D432A /* PhotoUploadController.swift */; };
		FF2391E81FAC8D77001D432A /* PhotoUploadView.xib in Resources */ = {isa = PBXBuildFile; fileRef = FF2391E71FAC8D77001D432A /* PhotoUploadView.xib */; };
/* End PBXBuildFile section */

/* Begin PBXFileReference section */
		692CCE5406932C882910978F /* Pods-BeerGoggles.debug.xcconfig */ = {isa = PBXFileReference; includeInIndex = 1; lastKnownFileType = text.xcconfig; name = "Pods-BeerGoggles.debug.xcconfig"; path = "Pods/Target Support Files/Pods-BeerGoggles/Pods-BeerGoggles.debug.xcconfig"; sourceTree = "<group>"; };
		78E8A70B3DC701D86292AD04 /* Pods_BeerGoggles.framework */ = {isa = PBXFileReference; explicitFileType = wrapper.framework; includeInIndex = 0; path = Pods_BeerGoggles.framework; sourceTree = BUILT_PRODUCTS_DIR; };
		99C20C9E01C5FF87AECB6A2C /* Pods-BeerGoggles.release.xcconfig */ = {isa = PBXFileReference; includeInIndex = 1; lastKnownFileType = text.xcconfig; name = "Pods-BeerGoggles.release.xcconfig"; path = "Pods/Target Support Files/Pods-BeerGoggles/Pods-BeerGoggles.release.xcconfig"; sourceTree = "<group>"; };
		FF2391B91FAC5F45001D432A /* BeerGoggles.app */ = {isa = PBXFileReference; explicitFileType = wrapper.application; includeInIndex = 0; path = BeerGoggles.app; sourceTree = BUILT_PRODUCTS_DIR; };
		FF2391BC1FAC5F45001D432A /* AppDelegate.swift */ = {isa = PBXFileReference; lastKnownFileType = sourcecode.swift; path = AppDelegate.swift; sourceTree = "<group>"; };
		FF2391BE1FAC5F45001D432A /* LoginController.swift */ = {isa = PBXFileReference; lastKnownFileType = sourcecode.swift; path = LoginController.swift; sourceTree = "<group>"; };
		FF2391C41FAC5F45001D432A /* BeerGoggles.xcdatamodel */ = {isa = PBXFileReference; lastKnownFileType = wrapper.xcdatamodel; path = BeerGoggles.xcdatamodel; sourceTree = "<group>"; };
		FF2391C61FAC5F45001D432A /* Assets.xcassets */ = {isa = PBXFileReference; lastKnownFileType = folder.assetcatalog; path = Assets.xcassets; sourceTree = "<group>"; };
		FF2391C91FAC5F45001D432A /* Base */ = {isa = PBXFileReference; lastKnownFileType = file.storyboard; name = Base; path = Base.lproj/LaunchScreen.storyboard; sourceTree = "<group>"; };
		FF2391CB1FAC5F45001D432A /* Info.plist */ = {isa = PBXFileReference; lastKnownFileType = text.plist.xml; path = Info.plist; sourceTree = "<group>"; };
		FF2391D21FAC60D8001D432A /* ApiService.swift */ = {isa = PBXFileReference; lastKnownFileType = sourcecode.swift; path = ApiService.swift; sourceTree = "<group>"; };
		FF2391D41FAC6278001D432A /* Model.swift */ = {isa = PBXFileReference; lastKnownFileType = sourcecode.swift; path = Model.swift; sourceTree = "<group>"; };
		FF2391D61FAC7026001D432A /* HomeController.swift */ = {isa = PBXFileReference; lastKnownFileType = sourcecode.swift; path = HomeController.swift; sourceTree = "<group>"; };
		FF2391DA1FAC7093001D432A /* LoginView.xib */ = {isa = PBXFileReference; lastKnownFileType = file.xib; path = LoginView.xib; sourceTree = "<group>"; };
		FF2391E01FAC774C001D432A /* CameraController.swift */ = {isa = PBXFileReference; lastKnownFileType = sourcecode.swift; path = CameraController.swift; sourceTree = "<group>"; };
		FF2391E21FAC7794001D432A /* CameraView.xib */ = {isa = PBXFileReference; lastKnownFileType = file.xib; path = CameraView.xib; sourceTree = "<group>"; };
		FF2391E41FAC8134001D432A /* PhotoUploadController.swift */ = {isa = PBXFileReference; lastKnownFileType = sourcecode.swift; path = PhotoUploadController.swift; sourceTree = "<group>"; };
		FF2391E71FAC8D77001D432A /* PhotoUploadView.xib */ = {isa = PBXFileReference; lastKnownFileType = file.xib; path = PhotoUploadView.xib; sourceTree = "<group>"; };
/* End PBXFileReference section */

/* Begin PBXFrameworksBuildPhase section */
		FF2391B61FAC5F45001D432A /* Frameworks */ = {
			isa = PBXFrameworksBuildPhase;
			buildActionMask = 2147483647;
			files = (
				3B2A6BE18069C3DC38C46021 /* Pods_BeerGoggles.framework in Frameworks */,
			);
			runOnlyForDeploymentPostprocessing = 0;
		};
/* End PBXFrameworksBuildPhase section */

/* Begin PBXGroup section */
		48B386F1CF89EB7F092FC727 /* Frameworks */ = {
			isa = PBXGroup;
			children = (
				78E8A70B3DC701D86292AD04 /* Pods_BeerGoggles.framework */,
			);
			name = Frameworks;
			sourceTree = "<group>";
		};
		80F4426781FC3D46DD4B2A46 /* Pods */ = {
			isa = PBXGroup;
			children = (
				692CCE5406932C882910978F /* Pods-BeerGoggles.debug.xcconfig */,
				99C20C9E01C5FF87AECB6A2C /* Pods-BeerGoggles.release.xcconfig */,
			);
			name = Pods;
			sourceTree = "<group>";
		};
		FF2391B01FAC5F45001D432A = {
			isa = PBXGroup;
			children = (
				FF2391BB1FAC5F45001D432A /* BeerGoggles */,
				FF2391BA1FAC5F45001D432A /* Products */,
				80F4426781FC3D46DD4B2A46 /* Pods */,
				48B386F1CF89EB7F092FC727 /* Frameworks */,
			);
			sourceTree = "<group>";
		};
		FF2391BA1FAC5F45001D432A /* Products */ = {
			isa = PBXGroup;
			children = (
				FF2391B91FAC5F45001D432A /* BeerGoggles.app */,
			);
			name = Products;
			sourceTree = "<group>";
		};
		FF2391BB1FAC5F45001D432A /* BeerGoggles */ = {
			isa = PBXGroup;
			children = (
				FF2391D81FAC7059001D432A /* Features */,
				FF2391D11FAC60CB001D432A /* Services */,
				FF2391BC1FAC5F45001D432A /* AppDelegate.swift */,
				FF2391C61FAC5F45001D432A /* Assets.xcassets */,
				FF2391C81FAC5F45001D432A /* LaunchScreen.storyboard */,
				FF2391CB1FAC5F45001D432A /* Info.plist */,
				FF2391C31FAC5F45001D432A /* BeerGoggles.xcdatamodeld */,
			);
			path = BeerGoggles;
			sourceTree = "<group>";
		};
		FF2391D11FAC60CB001D432A /* Services */ = {
			isa = PBXGroup;
			children = (
				FF2391D21FAC60D8001D432A /* ApiService.swift */,
				FF2391D41FAC6278001D432A /* Model.swift */,
			);
			path = Services;
			sourceTree = "<group>";
		};
		FF2391D81FAC7059001D432A /* Features */ = {
			isa = PBXGroup;
			children = (
				FF2391E61FAC8D66001D432A /* Upload */,
				FF2391DF1FAC773D001D432A /* Camera */,
				FF2391DC1FAC7100001D432A /* Home */,
				FF2391D91FAC7060001D432A /* Login */,
			);
			path = Features;
			sourceTree = "<group>";
		};
		FF2391D91FAC7060001D432A /* Login */ = {
			isa = PBXGroup;
			children = (
				FF2391BE1FAC5F45001D432A /* LoginController.swift */,
				FF2391DA1FAC7093001D432A /* LoginView.xib */,
			);
			path = Login;
			sourceTree = "<group>";
		};
		FF2391DC1FAC7100001D432A /* Home */ = {
			isa = PBXGroup;
			children = (
				FF2391D61FAC7026001D432A /* HomeController.swift */,
			);
			path = Home;
			sourceTree = "<group>";
		};
		FF2391DF1FAC773D001D432A /* Camera */ = {
			isa = PBXGroup;
			children = (
				FF2391E01FAC774C001D432A /* CameraController.swift */,
				FF2391E21FAC7794001D432A /* CameraView.xib */,
			);
			path = Camera;
			sourceTree = "<group>";
		};
		FF2391E61FAC8D66001D432A /* Upload */ = {
			isa = PBXGroup;
			children = (
				FF2391E41FAC8134001D432A /* PhotoUploadController.swift */,
				FF2391E71FAC8D77001D432A /* PhotoUploadView.xib */,
			);
			path = Upload;
			sourceTree = "<group>";
		};
/* End PBXGroup section */

/* Begin PBXNativeTarget section */
		FF2391B81FAC5F45001D432A /* BeerGoggles */ = {
			isa = PBXNativeTarget;
			buildConfigurationList = FF2391CE1FAC5F45001D432A /* Build configuration list for PBXNativeTarget "BeerGoggles" */;
			buildPhases = (
				A84FA98D8FC0184172B3B5BD /* [CP] Check Pods Manifest.lock */,
				FF2391B51FAC5F45001D432A /* Sources */,
				FF2391B61FAC5F45001D432A /* Frameworks */,
				FF2391B71FAC5F45001D432A /* Resources */,
				F56D29D2A04BFEFFA869475C /* [CP] Embed Pods Frameworks */,
				167CBBF902AB19B4626A442F /* [CP] Copy Pods Resources */,
			);
			buildRules = (
			);
			dependencies = (
			);
			name = BeerGoggles;
			productName = BeerGoggles;
			productReference = FF2391B91FAC5F45001D432A /* BeerGoggles.app */;
			productType = "com.apple.product-type.application";
		};
/* End PBXNativeTarget section */

/* Begin PBXProject section */
		FF2391B11FAC5F45001D432A /* Project object */ = {
			isa = PBXProject;
			attributes = {
				LastSwiftUpdateCheck = 0910;
				LastUpgradeCheck = 0910;
				ORGANIZATIONNAME = "Tomas Harkema";
				TargetAttributes = {
					FF2391B81FAC5F45001D432A = {
						CreatedOnToolsVersion = 9.1;
						ProvisioningStyle = Automatic;
					};
				};
			};
			buildConfigurationList = FF2391B41FAC5F45001D432A /* Build configuration list for PBXProject "BeerGoggles" */;
			compatibilityVersion = "Xcode 8.0";
			developmentRegion = en;
			hasScannedForEncodings = 0;
			knownRegions = (
				en,
				Base,
			);
			mainGroup = FF2391B01FAC5F45001D432A;
			productRefGroup = FF2391BA1FAC5F45001D432A /* Products */;
			projectDirPath = "";
			projectRoot = "";
			targets = (
				FF2391B81FAC5F45001D432A /* BeerGoggles */,
			);
		};
/* End PBXProject section */

/* Begin PBXResourcesBuildPhase section */
		FF2391B71FAC5F45001D432A /* Resources */ = {
			isa = PBXResourcesBuildPhase;
			buildActionMask = 2147483647;
			files = (
				FF2391CA1FAC5F45001D432A /* LaunchScreen.storyboard in Resources */,
				FF2391E81FAC8D77001D432A /* PhotoUploadView.xib in Resources */,
				FF2391C71FAC5F45001D432A /* Assets.xcassets in Resources */,
				FF2391DB1FAC7093001D432A /* LoginView.xib in Resources */,
				FF2391E31FAC7794001D432A /* CameraView.xib in Resources */,
			);
			runOnlyForDeploymentPostprocessing = 0;
		};
/* End PBXResourcesBuildPhase section */

/* Begin PBXShellScriptBuildPhase section */
		167CBBF902AB19B4626A442F /* [CP] Copy Pods Resources */ = {
			isa = PBXShellScriptBuildPhase;
			buildActionMask = 2147483647;
			files = (
			);
			inputPaths = (
			);
			name = "[CP] Copy Pods Resources";
			outputPaths = (
			);
			runOnlyForDeploymentPostprocessing = 0;
			shellPath = /bin/sh;
			shellScript = "\"${SRCROOT}/Pods/Target Support Files/Pods-BeerGoggles/Pods-BeerGoggles-resources.sh\"\n";
			showEnvVarsInLog = 0;
		};
		A84FA98D8FC0184172B3B5BD /* [CP] Check Pods Manifest.lock */ = {
			isa = PBXShellScriptBuildPhase;
			buildActionMask = 2147483647;
			files = (
			);
			inputPaths = (
				"${PODS_PODFILE_DIR_PATH}/Podfile.lock",
				"${PODS_ROOT}/Manifest.lock",
			);
			name = "[CP] Check Pods Manifest.lock";
			outputPaths = (
				"$(DERIVED_FILE_DIR)/Pods-BeerGoggles-checkManifestLockResult.txt",
			);
			runOnlyForDeploymentPostprocessing = 0;
			shellPath = /bin/sh;
			shellScript = "diff \"${PODS_PODFILE_DIR_PATH}/Podfile.lock\" \"${PODS_ROOT}/Manifest.lock\" > /dev/null\nif [ $? != 0 ] ; then\n    # print error to STDERR\n    echo \"error: The sandbox is not in sync with the Podfile.lock. Run 'pod install' or update your CocoaPods installation.\" >&2\n    exit 1\nfi\n# This output is used by Xcode 'outputs' to avoid re-running this script phase.\necho \"SUCCESS\" > \"${SCRIPT_OUTPUT_FILE_0}\"\n";
			showEnvVarsInLog = 0;
		};
		F56D29D2A04BFEFFA869475C /* [CP] Embed Pods Frameworks */ = {
			isa = PBXShellScriptBuildPhase;
			buildActionMask = 2147483647;
			files = (
			);
			inputPaths = (
				"${SRCROOT}/Pods/Target Support Files/Pods-BeerGoggles/Pods-BeerGoggles-frameworks.sh",
				"${BUILT_PRODUCTS_DIR}/Promissum/Promissum.framework",
			);
			name = "[CP] Embed Pods Frameworks";
			outputPaths = (
				"${TARGET_BUILD_DIR}/${FRAMEWORKS_FOLDER_PATH}/Promissum.framework",
			);
			runOnlyForDeploymentPostprocessing = 0;
			shellPath = /bin/sh;
			shellScript = "\"${SRCROOT}/Pods/Target Support Files/Pods-BeerGoggles/Pods-BeerGoggles-frameworks.sh\"\n";
			showEnvVarsInLog = 0;
		};
/* End PBXShellScriptBuildPhase section */

/* Begin PBXSourcesBuildPhase section */
		FF2391B51FAC5F45001D432A /* Sources */ = {
			isa = PBXSourcesBuildPhase;
			buildActionMask = 2147483647;
			files = (
				FF2391D51FAC6278001D432A /* Model.swift in Sources */,
				FF2391E51FAC8134001D432A /* PhotoUploadController.swift in Sources */,
				FF2391C51FAC5F45001D432A /* BeerGoggles.xcdatamodeld in Sources */,
				FF2391E11FAC774C001D432A /* CameraController.swift in Sources */,
				FF2391D71FAC7026001D432A /* HomeController.swift in Sources */,
				FF2391BF1FAC5F45001D432A /* LoginController.swift in Sources */,
				FF2391D31FAC60D8001D432A /* ApiService.swift in Sources */,
				FF2391BD1FAC5F45001D432A /* AppDelegate.swift in Sources */,
			);
			runOnlyForDeploymentPostprocessing = 0;
		};
/* End PBXSourcesBuildPhase section */

/* Begin PBXVariantGroup section */
		FF2391C81FAC5F45001D432A /* LaunchScreen.storyboard */ = {
			isa = PBXVariantGroup;
			children = (
				FF2391C91FAC5F45001D432A /* Base */,
			);
			name = LaunchScreen.storyboard;
			sourceTree = "<group>";
		};
/* End PBXVariantGroup section */

/* Begin XCBuildConfiguration section */
		FF2391CC1FAC5F45001D432A /* Debug */ = {
			isa = XCBuildConfiguration;
			buildSettings = {
				ALWAYS_SEARCH_USER_PATHS = NO;
				CLANG_ANALYZER_NONNULL = YES;
				CLANG_ANALYZER_NUMBER_OBJECT_CONVERSION = YES_AGGRESSIVE;
				CLANG_CXX_LANGUAGE_STANDARD = "gnu++14";
				CLANG_CXX_LIBRARY = "libc++";
				CLANG_ENABLE_MODULES = YES;
				CLANG_ENABLE_OBJC_ARC = YES;
				CLANG_WARN_BLOCK_CAPTURE_AUTORELEASING = YES;
				CLANG_WARN_BOOL_CONVERSION = YES;
				CLANG_WARN_COMMA = YES;
				CLANG_WARN_CONSTANT_CONVERSION = YES;
				CLANG_WARN_DIRECT_OBJC_ISA_USAGE = YES_ERROR;
				CLANG_WARN_DOCUMENTATION_COMMENTS = YES;
				CLANG_WARN_EMPTY_BODY = YES;
				CLANG_WARN_ENUM_CONVERSION = YES;
				CLANG_WARN_INFINITE_RECURSION = YES;
				CLANG_WARN_INT_CONVERSION = YES;
				CLANG_WARN_NON_LITERAL_NULL_CONVERSION = YES;
				CLANG_WARN_OBJC_LITERAL_CONVERSION = YES;
				CLANG_WARN_OBJC_ROOT_CLASS = YES_ERROR;
				CLANG_WARN_RANGE_LOOP_ANALYSIS = YES;
				CLANG_WARN_STRICT_PROTOTYPES = YES;
				CLANG_WARN_SUSPICIOUS_MOVE = YES;
				CLANG_WARN_UNGUARDED_AVAILABILITY = YES_AGGRESSIVE;
				CLANG_WARN_UNREACHABLE_CODE = YES;
				CLANG_WARN__DUPLICATE_METHOD_MATCH = YES;
				CODE_SIGN_IDENTITY = "iPhone Developer";
				COPY_PHASE_STRIP = NO;
				DEBUG_INFORMATION_FORMAT = dwarf;
				ENABLE_STRICT_OBJC_MSGSEND = YES;
				ENABLE_TESTABILITY = YES;
				GCC_C_LANGUAGE_STANDARD = gnu11;
				GCC_DYNAMIC_NO_PIC = NO;
				GCC_NO_COMMON_BLOCKS = YES;
				GCC_OPTIMIZATION_LEVEL = 0;
				GCC_PREPROCESSOR_DEFINITIONS = (
					"DEBUG=1",
					"$(inherited)",
				);
				GCC_WARN_64_TO_32_BIT_CONVERSION = YES;
				GCC_WARN_ABOUT_RETURN_TYPE = YES_ERROR;
				GCC_WARN_UNDECLARED_SELECTOR = YES;
				GCC_WARN_UNINITIALIZED_AUTOS = YES_AGGRESSIVE;
				GCC_WARN_UNUSED_FUNCTION = YES;
				GCC_WARN_UNUSED_VARIABLE = YES;
				IPHONEOS_DEPLOYMENT_TARGET = 11.1;
				MTL_ENABLE_DEBUG_INFO = YES;
				ONLY_ACTIVE_ARCH = YES;
				SDKROOT = iphoneos;
				SWIFT_ACTIVE_COMPILATION_CONDITIONS = DEBUG;
				SWIFT_OPTIMIZATION_LEVEL = "-Onone";
			};
			name = Debug;
		};
		FF2391CD1FAC5F45001D432A /* Release */ = {
			isa = XCBuildConfiguration;
			buildSettings = {
				ALWAYS_SEARCH_USER_PATHS = NO;
				CLANG_ANALYZER_NONNULL = YES;
				CLANG_ANALYZER_NUMBER_OBJECT_CONVERSION = YES_AGGRESSIVE;
				CLANG_CXX_LANGUAGE_STANDARD = "gnu++14";
				CLANG_CXX_LIBRARY = "libc++";
				CLANG_ENABLE_MODULES = YES;
				CLANG_ENABLE_OBJC_ARC = YES;
				CLANG_WARN_BLOCK_CAPTURE_AUTORELEASING = YES;
				CLANG_WARN_BOOL_CONVERSION = YES;
				CLANG_WARN_COMMA = YES;
				CLANG_WARN_CONSTANT_CONVERSION = YES;
				CLANG_WARN_DIRECT_OBJC_ISA_USAGE = YES_ERROR;
				CLANG_WARN_DOCUMENTATION_COMMENTS = YES;
				CLANG_WARN_EMPTY_BODY = YES;
				CLANG_WARN_ENUM_CONVERSION = YES;
				CLANG_WARN_INFINITE_RECURSION = YES;
				CLANG_WARN_INT_CONVERSION = YES;
				CLANG_WARN_NON_LITERAL_NULL_CONVERSION = YES;
				CLANG_WARN_OBJC_LITERAL_CONVERSION = YES;
				CLANG_WARN_OBJC_ROOT_CLASS = YES_ERROR;
				CLANG_WARN_RANGE_LOOP_ANALYSIS = YES;
				CLANG_WARN_STRICT_PROTOTYPES = YES;
				CLANG_WARN_SUSPICIOUS_MOVE = YES;
				CLANG_WARN_UNGUARDED_AVAILABILITY = YES_AGGRESSIVE;
				CLANG_WARN_UNREACHABLE_CODE = YES;
				CLANG_WARN__DUPLICATE_METHOD_MATCH = YES;
				CODE_SIGN_IDENTITY = "iPhone Developer";
				COPY_PHASE_STRIP = NO;
				DEBUG_INFORMATION_FORMAT = "dwarf-with-dsym";
				ENABLE_NS_ASSERTIONS = NO;
				ENABLE_STRICT_OBJC_MSGSEND = YES;
				GCC_C_LANGUAGE_STANDARD = gnu11;
				GCC_NO_COMMON_BLOCKS = YES;
				GCC_WARN_64_TO_32_BIT_CONVERSION = YES;
				GCC_WARN_ABOUT_RETURN_TYPE = YES_ERROR;
				GCC_WARN_UNDECLARED_SELECTOR = YES;
				GCC_WARN_UNINITIALIZED_AUTOS = YES_AGGRESSIVE;
				GCC_WARN_UNUSED_FUNCTION = YES;
				GCC_WARN_UNUSED_VARIABLE = YES;
				IPHONEOS_DEPLOYMENT_TARGET = 11.1;
				MTL_ENABLE_DEBUG_INFO = NO;
				SDKROOT = iphoneos;
				SWIFT_OPTIMIZATION_LEVEL = "-Owholemodule";
				VALIDATE_PRODUCT = YES;
			};
			name = Release;
		};
		FF2391CF1FAC5F45001D432A /* Debug */ = {
			isa = XCBuildConfiguration;
			baseConfigurationReference = 692CCE5406932C882910978F /* Pods-BeerGoggles.debug.xcconfig */;
			buildSettings = {
				ASSETCATALOG_COMPILER_APPICON_NAME = AppIcon;
				CODE_SIGN_STYLE = Automatic;
				DEVELOPMENT_TEAM = RSRVS8D9PW;
				INFOPLIST_FILE = BeerGoggles/Info.plist;
				LD_RUNPATH_SEARCH_PATHS = "$(inherited) @executable_path/Frameworks";
				PRODUCT_BUNDLE_IDENTIFIER = io.harkema.BeerGoggles;
				PRODUCT_NAME = "$(TARGET_NAME)";
				SWIFT_VERSION = 4.0;
				TARGETED_DEVICE_FAMILY = "1,2";
			};
			name = Debug;
		};
		FF2391D01FAC5F45001D432A /* Release */ = {
			isa = XCBuildConfiguration;
			baseConfigurationReference = 99C20C9E01C5FF87AECB6A2C /* Pods-BeerGoggles.release.xcconfig */;
			buildSettings = {
				ASSETCATALOG_COMPILER_APPICON_NAME = AppIcon;
				CODE_SIGN_STYLE = Automatic;
				DEVELOPMENT_TEAM = RSRVS8D9PW;
				INFOPLIST_FILE = BeerGoggles/Info.plist;
				LD_RUNPATH_SEARCH_PATHS = "$(inherited) @executable_path/Frameworks";
				PRODUCT_BUNDLE_IDENTIFIER = io.harkema.BeerGoggles;
				PRODUCT_NAME = "$(TARGET_NAME)";
				SWIFT_VERSION = 4.0;
				TARGETED_DEVICE_FAMILY = "1,2";
			};
			name = Release;
		};
/* End XCBuildConfiguration section */

/* Begin XCConfigurationList section */
		FF2391B41FAC5F45001D432A /* Build configuration list for PBXProject "BeerGoggles" */ = {
			isa = XCConfigurationList;
			buildConfigurations = (
				FF2391CC1FAC5F45001D432A /* Debug */,
				FF2391CD1FAC5F45001D432A /* Release */,
			);
			defaultConfigurationIsVisible = 0;
			defaultConfigurationName = Release;
		};
		FF2391CE1FAC5F45001D432A /* Build configuration list for PBXNativeTarget "BeerGoggles" */ = {
			isa = XCConfigurationList;
			buildConfigurations = (
				FF2391CF1FAC5F45001D432A /* Debug */,
				FF2391D01FAC5F45001D432A /* Release */,
			);
			defaultConfigurationIsVisible = 0;
			defaultConfigurationName = Release;
		};
/* End XCConfigurationList section */

/* Begin XCVersionGroup section */
		FF2391C31FAC5F45001D432A /* BeerGoggles.xcdatamodeld */ = {
			isa = XCVersionGroup;
			children = (
				FF2391C41FAC5F45001D432A /* BeerGoggles.xcdatamodel */,
			);
			currentVersion = FF2391C41FAC5F45001D432A /* BeerGoggles.xcdatamodel */;
			path = BeerGoggles.xcdatamodeld;
			sourceTree = "<group>";
			versionGroupType = wrapper.xcdatamodel;
		};
/* End XCVersionGroup section */
	};
	rootObject = FF2391B11FAC5F45001D432A /* Project object */;
}
